// !$*UTF8*$!
{
	archiveVersion = 1;
	classes = {
	};
	objectVersion = 50;
	objects = {

/* Begin PBXBuildFile section */
		4B0BA6392764C4FF008507EE /* Assets.xcassets in Resources */ = {isa = PBXBuildFile; fileRef = 4B0BA6182764C4FF008507EE /* Assets.xcassets */; };
		4B0BA63A2764C4FF008507EE /* LaunchScreen.storyboard in Resources */ = {isa = PBXBuildFile; fileRef = 4B0BA61A2764C4FF008507EE /* LaunchScreen.storyboard */; };
		4B0BA6712764D743008507EE /* SearchedMovies.storyboard in Resources */ = {isa = PBXBuildFile; fileRef = 4B0BA66C2764D743008507EE /* SearchedMovies.storyboard */; };
		4B0BA6722764D743008507EE /* SearchedMovieTableViewCell.xib in Resources */ = {isa = PBXBuildFile; fileRef = 4B0BA66D2764D743008507EE /* SearchedMovieTableViewCell.xib */; };
		4B0BA6732764D743008507EE /* SearchedMoviesViewController.swift in Sources */ = {isa = PBXBuildFile; fileRef = 4B0BA66E2764D743008507EE /* SearchedMoviesViewController.swift */; };
		4B0BA6742764D743008507EE /* SearchedMovieViewItem.swift in Sources */ = {isa = PBXBuildFile; fileRef = 4B0BA66F2764D743008507EE /* SearchedMovieViewItem.swift */; };
		4B0BA6752764D743008507EE /* SearchedMovieTableViewCell.swift in Sources */ = {isa = PBXBuildFile; fileRef = 4B0BA6702764D743008507EE /* SearchedMovieTableViewCell.swift */; };
		4B0BA6822764D751008507EE /* GenreQuickFilterCell.xib in Resources */ = {isa = PBXBuildFile; fileRef = 4B0BA6782764D751008507EE /* GenreQuickFilterCell.xib */; };
		4B0BA6832764D751008507EE /* SearchView.xib in Resources */ = {isa = PBXBuildFile; fileRef = 4B0BA6792764D751008507EE /* SearchView.xib */; };
		4B0BA6842764D751008507EE /* RatingView.swift in Sources */ = {isa = PBXBuildFile; fileRef = 4B0BA67A2764D751008507EE /* RatingView.swift */; };
		4B0BA6852764D751008507EE /* ColorExtension.swift in Sources */ = {isa = PBXBuildFile; fileRef = 4B0BA67C2764D751008507EE /* ColorExtension.swift */; };
		4B0BA6862764D751008507EE /* StringExtension.swift in Sources */ = {isa = PBXBuildFile; fileRef = 4B0BA67D2764D751008507EE /* StringExtension.swift */; };
		4B218B9F2762245700C41939 /* AppDelegate.swift in Sources */ = {isa = PBXBuildFile; fileRef = 4B218B9E2762245700C41939 /* AppDelegate.swift */; };
		4B218BA12762245700C41939 /* SceneDelegate.swift in Sources */ = {isa = PBXBuildFile; fileRef = 4B218BA02762245700C41939 /* SceneDelegate.swift */; };
		4B218BAB2762245800C41939 /* LaunchScreen.storyboard in Resources */ = {isa = PBXBuildFile; fileRef = 4B218BA92762245800C41939 /* LaunchScreen.storyboard */; };
		4B218BB62762245800C41939 /* KinoLentaTests.swift in Sources */ = {isa = PBXBuildFile; fileRef = 4B218BB52762245800C41939 /* KinoLentaTests.swift */; };
		4B218BC12762245900C41939 /* KinoLentaUITests.swift in Sources */ = {isa = PBXBuildFile; fileRef = 4B218BC02762245900C41939 /* KinoLentaUITests.swift */; };
		4B218BCF2762269900C41939 /* MainGraph.swift in Sources */ = {isa = PBXBuildFile; fileRef = 4B218BCE2762269900C41939 /* MainGraph.swift */; };
		4B3492D6276B1F6000C9265F /* DetailMovieStarsDescriptor.swift in Sources */ = {isa = PBXBuildFile; fileRef = 4B3492C9276B1F6000C9265F /* DetailMovieStarsDescriptor.swift */; };
		4B3492D7276B1F6000C9265F /* DetailMovieReviewDescriptor.swift in Sources */ = {isa = PBXBuildFile; fileRef = 4B3492CA276B1F6000C9265F /* DetailMovieReviewDescriptor.swift */; };
		4B3492D8276B1F6000C9265F /* DetailMovieButtonActionsDescriptor.swift in Sources */ = {isa = PBXBuildFile; fileRef = 4B3492CB276B1F6000C9265F /* DetailMovieButtonActionsDescriptor.swift */; };
		4B3492D9276B1F6000C9265F /* MovieTextItemDescriptor.swift in Sources */ = {isa = PBXBuildFile; fileRef = 4B3492CC276B1F6000C9265F /* MovieTextItemDescriptor.swift */; };
		4B3492DB276B1F6000C9265F /* MovieTextItemCollectionViewCell.swift in Sources */ = {isa = PBXBuildFile; fileRef = 4B3492D0276B1F6000C9265F /* MovieTextItemCollectionViewCell.swift */; };
		4B3492DC276B1F6000C9265F /* DetailMovieStarsCollectionViewCell.swift in Sources */ = {isa = PBXBuildFile; fileRef = 4B3492D1276B1F6000C9265F /* DetailMovieStarsCollectionViewCell.swift */; };
		4B3492DD276B1F6000C9265F /* DetailMovieReviewCollectionViewCell.swift in Sources */ = {isa = PBXBuildFile; fileRef = 4B3492D2276B1F6000C9265F /* DetailMovieReviewCollectionViewCell.swift */; };
		4B3492DE276B1F6000C9265F /* DetailMovieTextCollectionViewCell.swift in Sources */ = {isa = PBXBuildFile; fileRef = 4B3492D3276B1F6000C9265F /* DetailMovieTextCollectionViewCell.swift */; };
		4B3492DF276B1F6000C9265F /* DetailMovieButtonActionsCollectionViewCell.swift in Sources */ = {isa = PBXBuildFile; fileRef = 4B3492D4276B1F6000C9265F /* DetailMovieButtonActionsCollectionViewCell.swift */; };
		4B3492E0276B1F6000C9265F /* MovieDetailViewController.swift in Sources */ = {isa = PBXBuildFile; fileRef = 4B3492D5276B1F6000C9265F /* MovieDetailViewController.swift */; };
		4B3492E3276B1F7F00C9265F /* CollectionViewCellDescriptor.swift in Sources */ = {isa = PBXBuildFile; fileRef = 4B3492E1276B1F7F00C9265F /* CollectionViewCellDescriptor.swift */; };
		4B3492E4276B1F7F00C9265F /* LayoutManager.swift in Sources */ = {isa = PBXBuildFile; fileRef = 4B3492E2276B1F7F00C9265F /* LayoutManager.swift */; };
		4B3492F0276B219C00C9265F /* CollectionViewExtension.swift in Sources */ = {isa = PBXBuildFile; fileRef = 4B3492EF276B219C00C9265F /* CollectionViewExtension.swift */; };
		4B3492F3276B264300C9265F /* DetailMovieImageCollectionViewCell.swift in Sources */ = {isa = PBXBuildFile; fileRef = 4B3492F1276B264300C9265F /* DetailMovieImageCollectionViewCell.swift */; };
		4B3492F7276B264B00C9265F /* DetailMovieImageDescriptor.swift in Sources */ = {isa = PBXBuildFile; fileRef = 4B3492F5276B264B00C9265F /* DetailMovieImageDescriptor.swift */; };
		4B3492FF276C711100C9265F /* ImageCollectionViewCell.swift in Sources */ = {isa = PBXBuildFile; fileRef = 4B3492FD276C711100C9265F /* ImageCollectionViewCell.swift */; };
		4B349300276C711100C9265F /* StarsRatingDialogView.swift in Sources */ = {isa = PBXBuildFile; fileRef = 4B3492FE276C711100C9265F /* StarsRatingDialogView.swift */; };
		4B8C1A57276515D9002A637C /* QuickItemFilterCollectionViewLayout.swift in Sources */ = {isa = PBXBuildFile; fileRef = 4B8C1A54276515D8002A637C /* QuickItemFilterCollectionViewLayout.swift */; };
		4B8C1A58276515D9002A637C /* QuickItemFilterCollectionViewCell.swift in Sources */ = {isa = PBXBuildFile; fileRef = 4B8C1A55276515D8002A637C /* QuickItemFilterCollectionViewCell.swift */; };
		4B8C1A59276515D9002A637C /* QuickItemFilterView.swift in Sources */ = {isa = PBXBuildFile; fileRef = 4B8C1A56276515D9002A637C /* QuickItemFilterView.swift */; };
		61F26A87276C73A800606BC3 /* APIKey.swift in Sources */ = {isa = PBXBuildFile; fileRef = 61F26A86276C73A800606BC3 /* APIKey.swift */; };
		66852C99276794860055E4A1 /* MovieModel.swift in Sources */ = {isa = PBXBuildFile; fileRef = 66852C94276794860055E4A1 /* MovieModel.swift */; };
		66852C9A276794860055E4A1 /* CommonModels.swift in Sources */ = {isa = PBXBuildFile; fileRef = 66852C95276794860055E4A1 /* CommonModels.swift */; };
		66852C9B276794860055E4A1 /* SearchModel.swift in Sources */ = {isa = PBXBuildFile; fileRef = 66852C96276794860055E4A1 /* SearchModel.swift */; };
		66852C9C276794860055E4A1 /* TVModel.swift in Sources */ = {isa = PBXBuildFile; fileRef = 66852C97276794860055E4A1 /* TVModel.swift */; };
		66852C9D276794860055E4A1 /* MovieDomainModel.swift in Sources */ = {isa = PBXBuildFile; fileRef = 66852C98276794860055E4A1 /* MovieDomainModel.swift */; };
		66852CA3276794AA0055E4A1 /* DataManager.swift in Sources */ = {isa = PBXBuildFile; fileRef = 66852C9F276794AA0055E4A1 /* DataManager.swift */; };
		66852CA4276794AA0055E4A1 /* Networking.swift in Sources */ = {isa = PBXBuildFile; fileRef = 66852CA0276794AA0055E4A1 /* Networking.swift */; };
		66852CA5276794AA0055E4A1 /* Caching.swift in Sources */ = {isa = PBXBuildFile; fileRef = 66852CA1276794AA0055E4A1 /* Caching.swift */; };
		66852CA6276794AA0055E4A1 /* DataAccessProtocols.swift in Sources */ = {isa = PBXBuildFile; fileRef = 66852CA2276794AA0055E4A1 /* DataAccessProtocols.swift */; };
		7E07C7C3276770930052A5F9 /* YearFilterTableCell.xib in Resources */ = {isa = PBXBuildFile; fileRef = 7E07C7B5276770930052A5F9 /* YearFilterTableCell.xib */; };
		7E07C7C4276770930052A5F9 /* YearFilterTableCell.swift in Sources */ = {isa = PBXBuildFile; fileRef = 7E07C7B6276770930052A5F9 /* YearFilterTableCell.swift */; };
		7E07C7C5276770930052A5F9 /* PickerFilterTableCell.swift in Sources */ = {isa = PBXBuildFile; fileRef = 7E07C7B8276770930052A5F9 /* PickerFilterTableCell.swift */; };
		7E07C7C6276770930052A5F9 /* PickerFilterTableCell.xib in Resources */ = {isa = PBXBuildFile; fileRef = 7E07C7B9276770930052A5F9 /* PickerFilterTableCell.xib */; };
		7E07C7C7276770930052A5F9 /* FiltersFooterView.swift in Sources */ = {isa = PBXBuildFile; fileRef = 7E07C7BB276770930052A5F9 /* FiltersFooterView.swift */; };
		7E07C7C8276770930052A5F9 /* FiltersFooterView.xib in Resources */ = {isa = PBXBuildFile; fileRef = 7E07C7BC276770930052A5F9 /* FiltersFooterView.xib */; };
		7E07C7C9276770930052A5F9 /* FiltersHeaderView.xib in Resources */ = {isa = PBXBuildFile; fileRef = 7E07C7BE276770930052A5F9 /* FiltersHeaderView.xib */; };
		7E07C7CA276770930052A5F9 /* FiltersHeaderView.swift in Sources */ = {isa = PBXBuildFile; fileRef = 7E07C7BF276770930052A5F9 /* FiltersHeaderView.swift */; };
		7E07C7CB276770930052A5F9 /* RatingFilterTableCell.swift in Sources */ = {isa = PBXBuildFile; fileRef = 7E07C7C1276770930052A5F9 /* RatingFilterTableCell.swift */; };
		7E07C7CC276770930052A5F9 /* RatingFilterTableCell.xib in Resources */ = {isa = PBXBuildFile; fileRef = 7E07C7C2276770930052A5F9 /* RatingFilterTableCell.xib */; };
		7E07C7CF276770990052A5F9 /* TableViewExtension.swift in Sources */ = {isa = PBXBuildFile; fileRef = 7E07C7CE276770990052A5F9 /* TableViewExtension.swift */; };
		7E07C7D42767709E0052A5F9 /* FilterScreenViewController.xib in Resources */ = {isa = PBXBuildFile; fileRef = 7E07C7D22767709E0052A5F9 /* FilterScreenViewController.xib */; };
		7E07C7D52767709E0052A5F9 /* FilterScreenViewController.swift in Sources */ = {isa = PBXBuildFile; fileRef = 7E07C7D32767709E0052A5F9 /* FilterScreenViewController.swift */; };
		7E07C7D8276793560052A5F9 /* MoviesSamplingViewController.swift in Sources */ = {isa = PBXBuildFile; fileRef = 7E07C7D7276793560052A5F9 /* MoviesSamplingViewController.swift */; };
		7E07C7DA2767936D0052A5F9 /* MoviesSamplingViewController.xib in Resources */ = {isa = PBXBuildFile; fileRef = 7E07C7D92767936D0052A5F9 /* MoviesSamplingViewController.xib */; };
		7E6D2B82276B3D2100AB10D8 /* DataExtension.swift in Sources */ = {isa = PBXBuildFile; fileRef = 7E6D2B81276B3D2100AB10D8 /* DataExtension.swift */; };
		7E6D2B84276B43BC00AB10D8 /* CancellationHandle.swift in Sources */ = {isa = PBXBuildFile; fileRef = 7E6D2B83276B43BC00AB10D8 /* CancellationHandle.swift */; };
		7E92D7022769EE6600220928 /* UrlExtension.swift in Sources */ = {isa = PBXBuildFile; fileRef = 7E92D7012769EE6600220928 /* UrlExtension.swift */; };
		7E92D7042769F4EC00220928 /* ImageCache.swift in Sources */ = {isa = PBXBuildFile; fileRef = 7E92D7032769F4EC00220928 /* ImageCache.swift */; };
		7EFA861627687A4400523248 /* MovieSampleTableCell.swift in Sources */ = {isa = PBXBuildFile; fileRef = 7EFA861527687A4400523248 /* MovieSampleTableCell.swift */; };
		7EFA861827687A4E00523248 /* MovieSampleTableCell.xib in Resources */ = {isa = PBXBuildFile; fileRef = 7EFA861727687A4E00523248 /* MovieSampleTableCell.xib */; };
		7EFA861A27687E3500523248 /* CarouselCollectionCell.swift in Sources */ = {isa = PBXBuildFile; fileRef = 7EFA861927687E3500523248 /* CarouselCollectionCell.swift */; };
		7EFA861C27687E4C00523248 /* CarouselCollectionCell.xib in Resources */ = {isa = PBXBuildFile; fileRef = 7EFA861B27687E4C00523248 /* CarouselCollectionCell.xib */; };
		7EFA86252768B42E00523248 /* ImageViewExtension.swift in Sources */ = {isa = PBXBuildFile; fileRef = 7EFA86242768B42E00523248 /* ImageViewExtension.swift */; };
		C644C7022768BEEA0078E9FD /* MovieListViewController.swift in Sources */ = {isa = PBXBuildFile; fileRef = C644C6FD2768BEEA0078E9FD /* MovieListViewController.swift */; };
		C644C7032768BEEA0078E9FD /* PosterCell.swift in Sources */ = {isa = PBXBuildFile; fileRef = C644C6FE2768BEEA0078E9FD /* PosterCell.swift */; };
		C644C7042768BEEA0078E9FD /* MovieList.storyboard in Resources */ = {isa = PBXBuildFile; fileRef = C644C7002768BEEA0078E9FD /* MovieList.storyboard */; };
		C644C7052768BEEA0078E9FD /* MovieListConstants.swift in Sources */ = {isa = PBXBuildFile; fileRef = C644C7012768BEEA0078E9FD /* MovieListConstants.swift */; };
		CE1144BD276B61F800435D70 /* movies_top_rated.json in Resources */ = {isa = PBXBuildFile; fileRef = CE1144B7276B61F800435D70 /* movies_top_rated.json */; };
		CE1144BE276B61F800435D70 /* tv_genres_ru.json in Resources */ = {isa = PBXBuildFile; fileRef = CE1144B8276B61F800435D70 /* tv_genres_ru.json */; };
		CE1144BF276B61F800435D70 /* movie_discover_horrors_ru_region.json in Resources */ = {isa = PBXBuildFile; fileRef = CE1144B9276B61F800435D70 /* movie_discover_horrors_ru_region.json */; };
		CE1144C0276B61F800435D70 /* tv_movies_multisearch.json in Resources */ = {isa = PBXBuildFile; fileRef = CE1144BA276B61F800435D70 /* tv_movies_multisearch.json */; };
		CE1144C1276B61F800435D70 /* movie_genres_ru.json in Resources */ = {isa = PBXBuildFile; fileRef = CE1144BB276B61F800435D70 /* movie_genres_ru.json */; };
		CE1144C2276B61F800435D70 /* movies_popular.json in Resources */ = {isa = PBXBuildFile; fileRef = CE1144BC276B61F800435D70 /* movies_popular.json */; };
		CE1144C5276B620100435D70 /* Extension+Collection.swift in Sources */ = {isa = PBXBuildFile; fileRef = CE1144C4276B620100435D70 /* Extension+Collection.swift */; };
		CE1144C8276B620B00435D70 /* GenreDecode.swift in Sources */ = {isa = PBXBuildFile; fileRef = CE1144C7276B620B00435D70 /* GenreDecode.swift */; };
		CE1144CA276B728300435D70 /* Extension+String.swift in Sources */ = {isa = PBXBuildFile; fileRef = CE1144C9276B728300435D70 /* Extension+String.swift */; };
		CEAE404C2768D95D008CC273 /* MockDataManager.swift in Sources */ = {isa = PBXBuildFile; fileRef = CEAE404B2768D95D008CC273 /* MockDataManager.swift */; };
/* End PBXBuildFile section */

/* Begin PBXContainerItemProxy section */
		4B218BB22762245800C41939 /* PBXContainerItemProxy */ = {
			isa = PBXContainerItemProxy;
			containerPortal = 4B218B932762245700C41939 /* Project object */;
			proxyType = 1;
			remoteGlobalIDString = 4B218B9A2762245700C41939;
			remoteInfo = KinoLenta;
		};
		4B218BBD2762245900C41939 /* PBXContainerItemProxy */ = {
			isa = PBXContainerItemProxy;
			containerPortal = 4B218B932762245700C41939 /* Project object */;
			proxyType = 1;
			remoteGlobalIDString = 4B218B9A2762245700C41939;
			remoteInfo = KinoLenta;
		};
/* End PBXContainerItemProxy section */

/* Begin PBXFileReference section */
		4B0BA6182764C4FF008507EE /* Assets.xcassets */ = {isa = PBXFileReference; lastKnownFileType = folder.assetcatalog; path = Assets.xcassets; sourceTree = "<group>"; };
		4B0BA61B2764C4FF008507EE /* Base */ = {isa = PBXFileReference; lastKnownFileType = file.storyboard; name = Base; path = LaunchScreen.storyboard; sourceTree = "<group>"; };
		4B0BA66C2764D743008507EE /* SearchedMovies.storyboard */ = {isa = PBXFileReference; fileEncoding = 4; lastKnownFileType = file.storyboard; path = SearchedMovies.storyboard; sourceTree = "<group>"; };
		4B0BA66D2764D743008507EE /* SearchedMovieTableViewCell.xib */ = {isa = PBXFileReference; fileEncoding = 4; lastKnownFileType = file.xib; path = SearchedMovieTableViewCell.xib; sourceTree = "<group>"; };
		4B0BA66E2764D743008507EE /* SearchedMoviesViewController.swift */ = {isa = PBXFileReference; fileEncoding = 4; lastKnownFileType = sourcecode.swift; path = SearchedMoviesViewController.swift; sourceTree = "<group>"; };
		4B0BA66F2764D743008507EE /* SearchedMovieViewItem.swift */ = {isa = PBXFileReference; fileEncoding = 4; lastKnownFileType = sourcecode.swift; path = SearchedMovieViewItem.swift; sourceTree = "<group>"; };
		4B0BA6702764D743008507EE /* SearchedMovieTableViewCell.swift */ = {isa = PBXFileReference; fileEncoding = 4; lastKnownFileType = sourcecode.swift; path = SearchedMovieTableViewCell.swift; sourceTree = "<group>"; };
		4B0BA6782764D751008507EE /* GenreQuickFilterCell.xib */ = {isa = PBXFileReference; fileEncoding = 4; lastKnownFileType = file.xib; path = GenreQuickFilterCell.xib; sourceTree = "<group>"; };
		4B0BA6792764D751008507EE /* SearchView.xib */ = {isa = PBXFileReference; fileEncoding = 4; lastKnownFileType = file.xib; path = SearchView.xib; sourceTree = "<group>"; };
		4B0BA67A2764D751008507EE /* RatingView.swift */ = {isa = PBXFileReference; fileEncoding = 4; lastKnownFileType = sourcecode.swift; path = RatingView.swift; sourceTree = "<group>"; };
		4B0BA67C2764D751008507EE /* ColorExtension.swift */ = {isa = PBXFileReference; fileEncoding = 4; lastKnownFileType = sourcecode.swift; path = ColorExtension.swift; sourceTree = "<group>"; };
		4B0BA67D2764D751008507EE /* StringExtension.swift */ = {isa = PBXFileReference; fileEncoding = 4; lastKnownFileType = sourcecode.swift; path = StringExtension.swift; sourceTree = "<group>"; };
		4B218B9B2762245700C41939 /* KinoLenta.app */ = {isa = PBXFileReference; explicitFileType = wrapper.application; includeInIndex = 0; path = KinoLenta.app; sourceTree = BUILT_PRODUCTS_DIR; };
		4B218B9E2762245700C41939 /* AppDelegate.swift */ = {isa = PBXFileReference; lastKnownFileType = sourcecode.swift; path = AppDelegate.swift; sourceTree = "<group>"; };
		4B218BA02762245700C41939 /* SceneDelegate.swift */ = {isa = PBXFileReference; lastKnownFileType = sourcecode.swift; path = SceneDelegate.swift; sourceTree = "<group>"; };
		4B218BAA2762245800C41939 /* Base */ = {isa = PBXFileReference; lastKnownFileType = file.storyboard; name = Base; path = Base.lproj/LaunchScreen.storyboard; sourceTree = "<group>"; };
		4B218BAC2762245800C41939 /* Info.plist */ = {isa = PBXFileReference; lastKnownFileType = text.plist.xml; path = Info.plist; sourceTree = "<group>"; };
		4B218BB12762245800C41939 /* KinoLentaTests.xctest */ = {isa = PBXFileReference; explicitFileType = wrapper.cfbundle; includeInIndex = 0; path = KinoLentaTests.xctest; sourceTree = BUILT_PRODUCTS_DIR; };
		4B218BB52762245800C41939 /* KinoLentaTests.swift */ = {isa = PBXFileReference; lastKnownFileType = sourcecode.swift; path = KinoLentaTests.swift; sourceTree = "<group>"; };
		4B218BB72762245800C41939 /* Info.plist */ = {isa = PBXFileReference; lastKnownFileType = text.plist.xml; path = Info.plist; sourceTree = "<group>"; };
		4B218BBC2762245900C41939 /* KinoLentaUITests.xctest */ = {isa = PBXFileReference; explicitFileType = wrapper.cfbundle; includeInIndex = 0; path = KinoLentaUITests.xctest; sourceTree = BUILT_PRODUCTS_DIR; };
		4B218BC02762245900C41939 /* KinoLentaUITests.swift */ = {isa = PBXFileReference; lastKnownFileType = sourcecode.swift; path = KinoLentaUITests.swift; sourceTree = "<group>"; };
		4B218BC22762245900C41939 /* Info.plist */ = {isa = PBXFileReference; lastKnownFileType = text.plist.xml; path = Info.plist; sourceTree = "<group>"; };
		4B218BCE2762269900C41939 /* MainGraph.swift */ = {isa = PBXFileReference; lastKnownFileType = sourcecode.swift; path = MainGraph.swift; sourceTree = "<group>"; };
		4B3492C9276B1F6000C9265F /* DetailMovieStarsDescriptor.swift */ = {isa = PBXFileReference; fileEncoding = 4; lastKnownFileType = sourcecode.swift; path = DetailMovieStarsDescriptor.swift; sourceTree = "<group>"; };
		4B3492CA276B1F6000C9265F /* DetailMovieReviewDescriptor.swift */ = {isa = PBXFileReference; fileEncoding = 4; lastKnownFileType = sourcecode.swift; path = DetailMovieReviewDescriptor.swift; sourceTree = "<group>"; };
		4B3492CB276B1F6000C9265F /* DetailMovieButtonActionsDescriptor.swift */ = {isa = PBXFileReference; fileEncoding = 4; lastKnownFileType = sourcecode.swift; path = DetailMovieButtonActionsDescriptor.swift; sourceTree = "<group>"; };
		4B3492CC276B1F6000C9265F /* MovieTextItemDescriptor.swift */ = {isa = PBXFileReference; fileEncoding = 4; lastKnownFileType = sourcecode.swift; path = MovieTextItemDescriptor.swift; sourceTree = "<group>"; };
		4B3492D0276B1F6000C9265F /* MovieTextItemCollectionViewCell.swift */ = {isa = PBXFileReference; fileEncoding = 4; lastKnownFileType = sourcecode.swift; path = MovieTextItemCollectionViewCell.swift; sourceTree = "<group>"; };
		4B3492D1276B1F6000C9265F /* DetailMovieStarsCollectionViewCell.swift */ = {isa = PBXFileReference; fileEncoding = 4; lastKnownFileType = sourcecode.swift; path = DetailMovieStarsCollectionViewCell.swift; sourceTree = "<group>"; };
		4B3492D2276B1F6000C9265F /* DetailMovieReviewCollectionViewCell.swift */ = {isa = PBXFileReference; fileEncoding = 4; lastKnownFileType = sourcecode.swift; path = DetailMovieReviewCollectionViewCell.swift; sourceTree = "<group>"; };
		4B3492D3276B1F6000C9265F /* DetailMovieTextCollectionViewCell.swift */ = {isa = PBXFileReference; fileEncoding = 4; lastKnownFileType = sourcecode.swift; path = DetailMovieTextCollectionViewCell.swift; sourceTree = "<group>"; };
		4B3492D4276B1F6000C9265F /* DetailMovieButtonActionsCollectionViewCell.swift */ = {isa = PBXFileReference; fileEncoding = 4; lastKnownFileType = sourcecode.swift; path = DetailMovieButtonActionsCollectionViewCell.swift; sourceTree = "<group>"; };
		4B3492D5276B1F6000C9265F /* MovieDetailViewController.swift */ = {isa = PBXFileReference; fileEncoding = 4; lastKnownFileType = sourcecode.swift; path = MovieDetailViewController.swift; sourceTree = "<group>"; };
		4B3492E1276B1F7F00C9265F /* CollectionViewCellDescriptor.swift */ = {isa = PBXFileReference; fileEncoding = 4; lastKnownFileType = sourcecode.swift; path = CollectionViewCellDescriptor.swift; sourceTree = "<group>"; };
		4B3492E2276B1F7F00C9265F /* LayoutManager.swift */ = {isa = PBXFileReference; fileEncoding = 4; lastKnownFileType = sourcecode.swift; path = LayoutManager.swift; sourceTree = "<group>"; };
		4B3492EF276B219C00C9265F /* CollectionViewExtension.swift */ = {isa = PBXFileReference; fileEncoding = 4; lastKnownFileType = sourcecode.swift; path = CollectionViewExtension.swift; sourceTree = "<group>"; };
		4B3492F1276B264300C9265F /* DetailMovieImageCollectionViewCell.swift */ = {isa = PBXFileReference; fileEncoding = 4; lastKnownFileType = sourcecode.swift; path = DetailMovieImageCollectionViewCell.swift; sourceTree = "<group>"; };
		4B3492F2276B264300C9265F /* DetailMovieTrailerCollectionViewCell.swift */ = {isa = PBXFileReference; fileEncoding = 4; lastKnownFileType = sourcecode.swift; path = DetailMovieTrailerCollectionViewCell.swift; sourceTree = "<group>"; };
		4B3492F5276B264B00C9265F /* DetailMovieImageDescriptor.swift */ = {isa = PBXFileReference; fileEncoding = 4; lastKnownFileType = sourcecode.swift; path = DetailMovieImageDescriptor.swift; sourceTree = "<group>"; };
		4B3492F6276B264B00C9265F /* DetailMovieTrailierDescriptor.swift */ = {isa = PBXFileReference; fileEncoding = 4; lastKnownFileType = sourcecode.swift; path = DetailMovieTrailierDescriptor.swift; sourceTree = "<group>"; };
		4B3492FD276C711100C9265F /* ImageCollectionViewCell.swift */ = {isa = PBXFileReference; fileEncoding = 4; lastKnownFileType = sourcecode.swift; path = ImageCollectionViewCell.swift; sourceTree = "<group>"; };
		4B3492FE276C711100C9265F /* StarsRatingDialogView.swift */ = {isa = PBXFileReference; fileEncoding = 4; lastKnownFileType = sourcecode.swift; path = StarsRatingDialogView.swift; sourceTree = "<group>"; };
		4B8C1A54276515D8002A637C /* QuickItemFilterCollectionViewLayout.swift */ = {isa = PBXFileReference; fileEncoding = 4; lastKnownFileType = sourcecode.swift; path = QuickItemFilterCollectionViewLayout.swift; sourceTree = "<group>"; };
		4B8C1A55276515D8002A637C /* QuickItemFilterCollectionViewCell.swift */ = {isa = PBXFileReference; fileEncoding = 4; lastKnownFileType = sourcecode.swift; path = QuickItemFilterCollectionViewCell.swift; sourceTree = "<group>"; };
		4B8C1A56276515D9002A637C /* QuickItemFilterView.swift */ = {isa = PBXFileReference; fileEncoding = 4; lastKnownFileType = sourcecode.swift; path = QuickItemFilterView.swift; sourceTree = "<group>"; };
		61F26A86276C73A800606BC3 /* APIKey.swift */ = {isa = PBXFileReference; fileEncoding = 4; lastKnownFileType = sourcecode.swift; path = APIKey.swift; sourceTree = "<group>"; };
		66852C94276794860055E4A1 /* MovieModel.swift */ = {isa = PBXFileReference; fileEncoding = 4; lastKnownFileType = sourcecode.swift; path = MovieModel.swift; sourceTree = "<group>"; };
		66852C95276794860055E4A1 /* CommonModels.swift */ = {isa = PBXFileReference; fileEncoding = 4; lastKnownFileType = sourcecode.swift; path = CommonModels.swift; sourceTree = "<group>"; };
		66852C96276794860055E4A1 /* SearchModel.swift */ = {isa = PBXFileReference; fileEncoding = 4; lastKnownFileType = sourcecode.swift; path = SearchModel.swift; sourceTree = "<group>"; };
		66852C97276794860055E4A1 /* TVModel.swift */ = {isa = PBXFileReference; fileEncoding = 4; lastKnownFileType = sourcecode.swift; path = TVModel.swift; sourceTree = "<group>"; };
		66852C98276794860055E4A1 /* MovieDomainModel.swift */ = {isa = PBXFileReference; fileEncoding = 4; lastKnownFileType = sourcecode.swift; path = MovieDomainModel.swift; sourceTree = "<group>"; };
		66852C9F276794AA0055E4A1 /* DataManager.swift */ = {isa = PBXFileReference; fileEncoding = 4; lastKnownFileType = sourcecode.swift; path = DataManager.swift; sourceTree = "<group>"; };
		66852CA0276794AA0055E4A1 /* Networking.swift */ = {isa = PBXFileReference; fileEncoding = 4; lastKnownFileType = sourcecode.swift; path = Networking.swift; sourceTree = "<group>"; };
		66852CA1276794AA0055E4A1 /* Caching.swift */ = {isa = PBXFileReference; fileEncoding = 4; lastKnownFileType = sourcecode.swift; path = Caching.swift; sourceTree = "<group>"; };
		66852CA2276794AA0055E4A1 /* DataAccessProtocols.swift */ = {isa = PBXFileReference; fileEncoding = 4; lastKnownFileType = sourcecode.swift; path = DataAccessProtocols.swift; sourceTree = "<group>"; };
		7E07C7B5276770930052A5F9 /* YearFilterTableCell.xib */ = {isa = PBXFileReference; fileEncoding = 4; lastKnownFileType = file.xib; path = YearFilterTableCell.xib; sourceTree = "<group>"; };
		7E07C7B6276770930052A5F9 /* YearFilterTableCell.swift */ = {isa = PBXFileReference; fileEncoding = 4; lastKnownFileType = sourcecode.swift; path = YearFilterTableCell.swift; sourceTree = "<group>"; };
		7E07C7B8276770930052A5F9 /* PickerFilterTableCell.swift */ = {isa = PBXFileReference; fileEncoding = 4; lastKnownFileType = sourcecode.swift; path = PickerFilterTableCell.swift; sourceTree = "<group>"; };
		7E07C7B9276770930052A5F9 /* PickerFilterTableCell.xib */ = {isa = PBXFileReference; fileEncoding = 4; lastKnownFileType = file.xib; path = PickerFilterTableCell.xib; sourceTree = "<group>"; };
		7E07C7BB276770930052A5F9 /* FiltersFooterView.swift */ = {isa = PBXFileReference; fileEncoding = 4; lastKnownFileType = sourcecode.swift; path = FiltersFooterView.swift; sourceTree = "<group>"; };
		7E07C7BC276770930052A5F9 /* FiltersFooterView.xib */ = {isa = PBXFileReference; fileEncoding = 4; lastKnownFileType = file.xib; path = FiltersFooterView.xib; sourceTree = "<group>"; };
		7E07C7BE276770930052A5F9 /* FiltersHeaderView.xib */ = {isa = PBXFileReference; fileEncoding = 4; lastKnownFileType = file.xib; path = FiltersHeaderView.xib; sourceTree = "<group>"; };
		7E07C7BF276770930052A5F9 /* FiltersHeaderView.swift */ = {isa = PBXFileReference; fileEncoding = 4; lastKnownFileType = sourcecode.swift; path = FiltersHeaderView.swift; sourceTree = "<group>"; };
		7E07C7C1276770930052A5F9 /* RatingFilterTableCell.swift */ = {isa = PBXFileReference; fileEncoding = 4; lastKnownFileType = sourcecode.swift; path = RatingFilterTableCell.swift; sourceTree = "<group>"; };
		7E07C7C2276770930052A5F9 /* RatingFilterTableCell.xib */ = {isa = PBXFileReference; fileEncoding = 4; lastKnownFileType = file.xib; path = RatingFilterTableCell.xib; sourceTree = "<group>"; };
		7E07C7CE276770990052A5F9 /* TableViewExtension.swift */ = {isa = PBXFileReference; fileEncoding = 4; lastKnownFileType = sourcecode.swift; path = TableViewExtension.swift; sourceTree = "<group>"; };
		7E07C7D22767709E0052A5F9 /* FilterScreenViewController.xib */ = {isa = PBXFileReference; fileEncoding = 4; lastKnownFileType = file.xib; path = FilterScreenViewController.xib; sourceTree = "<group>"; };
		7E07C7D32767709E0052A5F9 /* FilterScreenViewController.swift */ = {isa = PBXFileReference; fileEncoding = 4; lastKnownFileType = sourcecode.swift; path = FilterScreenViewController.swift; sourceTree = "<group>"; };
		7E07C7D7276793560052A5F9 /* MoviesSamplingViewController.swift */ = {isa = PBXFileReference; lastKnownFileType = sourcecode.swift; path = MoviesSamplingViewController.swift; sourceTree = "<group>"; };
		7E07C7D92767936D0052A5F9 /* MoviesSamplingViewController.xib */ = {isa = PBXFileReference; lastKnownFileType = file.xib; path = MoviesSamplingViewController.xib; sourceTree = "<group>"; };
		7E6D2B81276B3D2100AB10D8 /* DataExtension.swift */ = {isa = PBXFileReference; lastKnownFileType = sourcecode.swift; path = DataExtension.swift; sourceTree = "<group>"; };
		7E6D2B83276B43BC00AB10D8 /* CancellationHandle.swift */ = {isa = PBXFileReference; lastKnownFileType = sourcecode.swift; path = CancellationHandle.swift; sourceTree = "<group>"; };
		7E92D7012769EE6600220928 /* UrlExtension.swift */ = {isa = PBXFileReference; lastKnownFileType = sourcecode.swift; path = UrlExtension.swift; sourceTree = "<group>"; };
		7E92D7032769F4EC00220928 /* ImageCache.swift */ = {isa = PBXFileReference; lastKnownFileType = sourcecode.swift; path = ImageCache.swift; sourceTree = "<group>"; };
		7EFA861527687A4400523248 /* MovieSampleTableCell.swift */ = {isa = PBXFileReference; lastKnownFileType = sourcecode.swift; path = MovieSampleTableCell.swift; sourceTree = "<group>"; };
		7EFA861727687A4E00523248 /* MovieSampleTableCell.xib */ = {isa = PBXFileReference; lastKnownFileType = file.xib; path = MovieSampleTableCell.xib; sourceTree = "<group>"; };
		7EFA861927687E3500523248 /* CarouselCollectionCell.swift */ = {isa = PBXFileReference; lastKnownFileType = sourcecode.swift; path = CarouselCollectionCell.swift; sourceTree = "<group>"; };
		7EFA861B27687E4C00523248 /* CarouselCollectionCell.xib */ = {isa = PBXFileReference; lastKnownFileType = file.xib; path = CarouselCollectionCell.xib; sourceTree = "<group>"; };
		7EFA86242768B42E00523248 /* ImageViewExtension.swift */ = {isa = PBXFileReference; lastKnownFileType = sourcecode.swift; path = ImageViewExtension.swift; sourceTree = "<group>"; };
		C644C6FD2768BEEA0078E9FD /* MovieListViewController.swift */ = {isa = PBXFileReference; fileEncoding = 4; lastKnownFileType = sourcecode.swift; path = MovieListViewController.swift; sourceTree = "<group>"; };
		C644C6FE2768BEEA0078E9FD /* PosterCell.swift */ = {isa = PBXFileReference; fileEncoding = 4; lastKnownFileType = sourcecode.swift; path = PosterCell.swift; sourceTree = "<group>"; };
		C644C7002768BEEA0078E9FD /* MovieList.storyboard */ = {isa = PBXFileReference; fileEncoding = 4; lastKnownFileType = file.storyboard; path = MovieList.storyboard; sourceTree = "<group>"; };
		C644C7012768BEEA0078E9FD /* MovieListConstants.swift */ = {isa = PBXFileReference; fileEncoding = 4; lastKnownFileType = sourcecode.swift; path = MovieListConstants.swift; sourceTree = "<group>"; };
		CE1144B7276B61F800435D70 /* movies_top_rated.json */ = {isa = PBXFileReference; fileEncoding = 4; lastKnownFileType = text.json; path = movies_top_rated.json; sourceTree = "<group>"; };
		CE1144B8276B61F800435D70 /* tv_genres_ru.json */ = {isa = PBXFileReference; fileEncoding = 4; lastKnownFileType = text.json; path = tv_genres_ru.json; sourceTree = "<group>"; };
		CE1144B9276B61F800435D70 /* movie_discover_horrors_ru_region.json */ = {isa = PBXFileReference; fileEncoding = 4; lastKnownFileType = text.json; path = movie_discover_horrors_ru_region.json; sourceTree = "<group>"; };
		CE1144BA276B61F800435D70 /* tv_movies_multisearch.json */ = {isa = PBXFileReference; fileEncoding = 4; lastKnownFileType = text.json; path = tv_movies_multisearch.json; sourceTree = "<group>"; };
		CE1144BB276B61F800435D70 /* movie_genres_ru.json */ = {isa = PBXFileReference; fileEncoding = 4; lastKnownFileType = text.json; path = movie_genres_ru.json; sourceTree = "<group>"; };
		CE1144BC276B61F800435D70 /* movies_popular.json */ = {isa = PBXFileReference; fileEncoding = 4; lastKnownFileType = text.json; path = movies_popular.json; sourceTree = "<group>"; };
		CE1144C4276B620100435D70 /* Extension+Collection.swift */ = {isa = PBXFileReference; fileEncoding = 4; lastKnownFileType = sourcecode.swift; path = "Extension+Collection.swift"; sourceTree = "<group>"; };
		CE1144C7276B620B00435D70 /* GenreDecode.swift */ = {isa = PBXFileReference; fileEncoding = 4; lastKnownFileType = sourcecode.swift; path = GenreDecode.swift; sourceTree = "<group>"; };
		CE1144C9276B728300435D70 /* Extension+String.swift */ = {isa = PBXFileReference; lastKnownFileType = sourcecode.swift; path = "Extension+String.swift"; sourceTree = "<group>"; };
		CEAE404B2768D95D008CC273 /* MockDataManager.swift */ = {isa = PBXFileReference; fileEncoding = 4; lastKnownFileType = sourcecode.swift; path = MockDataManager.swift; sourceTree = "<group>"; };
/* End PBXFileReference section */

/* Begin PBXFrameworksBuildPhase section */
		4B218B982762245700C41939 /* Frameworks */ = {
			isa = PBXFrameworksBuildPhase;
			buildActionMask = 2147483647;
			files = (
			);
			runOnlyForDeploymentPostprocessing = 0;
		};
		4B218BAE2762245800C41939 /* Frameworks */ = {
			isa = PBXFrameworksBuildPhase;
			buildActionMask = 2147483647;
			files = (
			);
			runOnlyForDeploymentPostprocessing = 0;
		};
		4B218BB92762245900C41939 /* Frameworks */ = {
			isa = PBXFrameworksBuildPhase;
			buildActionMask = 2147483647;
			files = (
			);
			runOnlyForDeploymentPostprocessing = 0;
		};
/* End PBXFrameworksBuildPhase section */

/* Begin PBXGroup section */
		4B0BA6192764C4FF008507EE /* Base.lproj */ = {
			isa = PBXGroup;
			children = (
				4B0BA61A2764C4FF008507EE /* LaunchScreen.storyboard */,
			);
			path = Base.lproj;
			sourceTree = "<group>";
		};
		4B0BA66A2764D743008507EE /* SearchedMovieList */ = {
			isa = PBXGroup;
			children = (
				4B0BA66B2764D743008507EE /* InterfaceBuilder */,
				4B0BA66E2764D743008507EE /* SearchedMoviesViewController.swift */,
				4B0BA66F2764D743008507EE /* SearchedMovieViewItem.swift */,
				4B0BA6702764D743008507EE /* SearchedMovieTableViewCell.swift */,
			);
			path = SearchedMovieList;
			sourceTree = "<group>";
		};
		4B0BA66B2764D743008507EE /* InterfaceBuilder */ = {
			isa = PBXGroup;
			children = (
				4B0BA66C2764D743008507EE /* SearchedMovies.storyboard */,
				4B0BA66D2764D743008507EE /* SearchedMovieTableViewCell.xib */,
			);
			path = InterfaceBuilder;
			sourceTree = "<group>";
		};
		4B0BA6762764D751008507EE /* Common */ = {
			isa = PBXGroup;
			children = (
				4B3492FD276C711100C9265F /* ImageCollectionViewCell.swift */,
				4B3492FE276C711100C9265F /* StarsRatingDialogView.swift */,
				4B3492E1276B1F7F00C9265F /* CollectionViewCellDescriptor.swift */,
				4B3492E2276B1F7F00C9265F /* LayoutManager.swift */,
				4B0BA6772764D751008507EE /* InterfaceBuilder */,
				4B0BA67A2764D751008507EE /* RatingView.swift */,
				4B0BA67B2764D751008507EE /* Extensions */,
				4B0BA67E2764D751008507EE /* QuickItemFilter */,
				7E92D7032769F4EC00220928 /* ImageCache.swift */,
				7E6D2B83276B43BC00AB10D8 /* CancellationHandle.swift */,
			);
			path = Common;
			sourceTree = "<group>";
		};
		4B0BA6772764D751008507EE /* InterfaceBuilder */ = {
			isa = PBXGroup;
			children = (
				4B0BA6782764D751008507EE /* GenreQuickFilterCell.xib */,
				4B0BA6792764D751008507EE /* SearchView.xib */,
			);
			path = InterfaceBuilder;
			sourceTree = "<group>";
		};
		4B0BA67B2764D751008507EE /* Extensions */ = {
			isa = PBXGroup;
			children = (
				4B3492EF276B219C00C9265F /* CollectionViewExtension.swift */,
				7E07C7CE276770990052A5F9 /* TableViewExtension.swift */,
				4B0BA67C2764D751008507EE /* ColorExtension.swift */,
				4B0BA67D2764D751008507EE /* StringExtension.swift */,
				7EFA86242768B42E00523248 /* ImageViewExtension.swift */,
				7E92D7012769EE6600220928 /* UrlExtension.swift */,
				7E6D2B81276B3D2100AB10D8 /* DataExtension.swift */,
			);
			path = Extensions;
			sourceTree = "<group>";
		};
		4B0BA67E2764D751008507EE /* QuickItemFilter */ = {
			isa = PBXGroup;
			children = (
				4B8C1A55276515D8002A637C /* QuickItemFilterCollectionViewCell.swift */,
				4B8C1A54276515D8002A637C /* QuickItemFilterCollectionViewLayout.swift */,
				4B8C1A56276515D9002A637C /* QuickItemFilterView.swift */,
			);
			path = QuickItemFilter;
			sourceTree = "<group>";
		};
		4B218B922762245700C41939 = {
			isa = PBXGroup;
			children = (
				CEAE404D2768DADD008CC273 /* mock_responses */,
				4B218B9D2762245700C41939 /* KinoLenta */,
				4B218BB42762245800C41939 /* KinoLentaTests */,
				4B218BBF2762245900C41939 /* KinoLentaUITests */,
				4B218B9C2762245700C41939 /* Products */,
			);
			sourceTree = "<group>";
		};
		4B218B9C2762245700C41939 /* Products */ = {
			isa = PBXGroup;
			children = (
				4B218B9B2762245700C41939 /* KinoLenta.app */,
				4B218BB12762245800C41939 /* KinoLentaTests.xctest */,
				4B218BBC2762245900C41939 /* KinoLentaUITests.xctest */,
			);
			name = Products;
			sourceTree = "<group>";
		};
		4B218B9D2762245700C41939 /* KinoLenta */ = {
			isa = PBXGroup;
			children = (
				CE1144C6276B620B00435D70 /* Utils */,
				CE1144C3276B620100435D70 /* Extensions */,
				61F26A85276C73A700606BC3 /* Generated */,
				4B3492C7276B1F6000C9265F /* MovieDetail */,
				C644C6FC2768BEEA0078E9FD /* MovieList */,
				66852C9E276794AA0055E4A1 /* DAL */,
				66852C93276794860055E4A1 /* Networking */,
				7E07C7D02767709E0052A5F9 /* Modules */,
				7E07C7B3276770930052A5F9 /* Views */,
				4B0BA6762764D751008507EE /* Common */,
				4B0BA66A2764D743008507EE /* SearchedMovieList */,
				4B0BA6182764C4FF008507EE /* Assets.xcassets */,
				4B0BA6192764C4FF008507EE /* Base.lproj */,
				4B218B9E2762245700C41939 /* AppDelegate.swift */,
				4B218BA02762245700C41939 /* SceneDelegate.swift */,
				4B218BA92762245800C41939 /* LaunchScreen.storyboard */,
				4B218BAC2762245800C41939 /* Info.plist */,
				4B218BCE2762269900C41939 /* MainGraph.swift */,
			);
			path = KinoLenta;
			sourceTree = "<group>";
		};
		4B218BB42762245800C41939 /* KinoLentaTests */ = {
			isa = PBXGroup;
			children = (
				4B218BB52762245800C41939 /* KinoLentaTests.swift */,
				4B218BB72762245800C41939 /* Info.plist */,
			);
			path = KinoLentaTests;
			sourceTree = "<group>";
		};
		4B218BBF2762245900C41939 /* KinoLentaUITests */ = {
			isa = PBXGroup;
			children = (
				4B218BC02762245900C41939 /* KinoLentaUITests.swift */,
				4B218BC22762245900C41939 /* Info.plist */,
			);
			path = KinoLentaUITests;
			sourceTree = "<group>";
		};
		4B3492C7276B1F6000C9265F /* MovieDetail */ = {
			isa = PBXGroup;
			children = (
				4B3492C8276B1F6000C9265F /* MovieItemDescriptors */,
				4B3492CF276B1F6000C9265F /* CollectionViewCells */,
				4B3492D5276B1F6000C9265F /* MovieDetailViewController.swift */,
			);
			path = MovieDetail;
			sourceTree = "<group>";
		};
		4B3492C8276B1F6000C9265F /* MovieItemDescriptors */ = {
			isa = PBXGroup;
			children = (
				4B3492F5276B264B00C9265F /* DetailMovieImageDescriptor.swift */,
				4B3492F6276B264B00C9265F /* DetailMovieTrailierDescriptor.swift */,
				4B3492C9276B1F6000C9265F /* DetailMovieStarsDescriptor.swift */,
				4B3492CA276B1F6000C9265F /* DetailMovieReviewDescriptor.swift */,
				4B3492CB276B1F6000C9265F /* DetailMovieButtonActionsDescriptor.swift */,
				4B3492CC276B1F6000C9265F /* MovieTextItemDescriptor.swift */,
			);
			path = MovieItemDescriptors;
			sourceTree = "<group>";
		};
		4B3492CF276B1F6000C9265F /* CollectionViewCells */ = {
			isa = PBXGroup;
			children = (
				4B3492F1276B264300C9265F /* DetailMovieImageCollectionViewCell.swift */,
				4B3492F2276B264300C9265F /* DetailMovieTrailerCollectionViewCell.swift */,
				4B3492D0276B1F6000C9265F /* MovieTextItemCollectionViewCell.swift */,
				4B3492D1276B1F6000C9265F /* DetailMovieStarsCollectionViewCell.swift */,
				4B3492D2276B1F6000C9265F /* DetailMovieReviewCollectionViewCell.swift */,
				4B3492D3276B1F6000C9265F /* DetailMovieTextCollectionViewCell.swift */,
				4B3492D4276B1F6000C9265F /* DetailMovieButtonActionsCollectionViewCell.swift */,
			);
			path = CollectionViewCells;
			sourceTree = "<group>";
		};
		61F26A85276C73A700606BC3 /* Generated */ = {
			isa = PBXGroup;
			children = (
				61F26A86276C73A800606BC3 /* APIKey.swift */,
			);
			path = Generated;
			sourceTree = "<group>";
		};
		66852C93276794860055E4A1 /* Networking */ = {
			isa = PBXGroup;
			children = (
				66852C94276794860055E4A1 /* MovieModel.swift */,
				66852C95276794860055E4A1 /* CommonModels.swift */,
				66852C96276794860055E4A1 /* SearchModel.swift */,
				66852C97276794860055E4A1 /* TVModel.swift */,
				66852C98276794860055E4A1 /* MovieDomainModel.swift */,
			);
			path = Networking;
			sourceTree = "<group>";
		};
		66852C9E276794AA0055E4A1 /* DAL */ = {
			isa = PBXGroup;
			children = (
				CEAE404B2768D95D008CC273 /* MockDataManager.swift */,
				66852C9F276794AA0055E4A1 /* DataManager.swift */,
				66852CA0276794AA0055E4A1 /* Networking.swift */,
				66852CA1276794AA0055E4A1 /* Caching.swift */,
				66852CA2276794AA0055E4A1 /* DataAccessProtocols.swift */,
			);
			path = DAL;
			sourceTree = "<group>";
		};
		7E07C7B3276770930052A5F9 /* Views */ = {
			isa = PBXGroup;
			children = (
				7EFA861427687A0900523248 /* MovieSampleTableCell */,
				7E07C7DB276795C10052A5F9 /* CarouselCollectionCell */,
				7E07C7B4276770930052A5F9 /* YearFilterTableCell */,
				7E07C7B7276770930052A5F9 /* PickerFilterTableCell */,
				7E07C7BA276770930052A5F9 /* FiltersFooterView */,
				7E07C7BD276770930052A5F9 /* FiltersHeaderView */,
				7E07C7C0276770930052A5F9 /* RaitingFilterTableCell */,
			);
			path = Views;
			sourceTree = "<group>";
		};
		7E07C7B4276770930052A5F9 /* YearFilterTableCell */ = {
			isa = PBXGroup;
			children = (
				7E07C7B5276770930052A5F9 /* YearFilterTableCell.xib */,
				7E07C7B6276770930052A5F9 /* YearFilterTableCell.swift */,
			);
			path = YearFilterTableCell;
			sourceTree = "<group>";
		};
		7E07C7B7276770930052A5F9 /* PickerFilterTableCell */ = {
			isa = PBXGroup;
			children = (
				7E07C7B8276770930052A5F9 /* PickerFilterTableCell.swift */,
				7E07C7B9276770930052A5F9 /* PickerFilterTableCell.xib */,
			);
			path = PickerFilterTableCell;
			sourceTree = "<group>";
		};
		7E07C7BA276770930052A5F9 /* FiltersFooterView */ = {
			isa = PBXGroup;
			children = (
				7E07C7BB276770930052A5F9 /* FiltersFooterView.swift */,
				7E07C7BC276770930052A5F9 /* FiltersFooterView.xib */,
			);
			path = FiltersFooterView;
			sourceTree = "<group>";
		};
		7E07C7BD276770930052A5F9 /* FiltersHeaderView */ = {
			isa = PBXGroup;
			children = (
				7E07C7BE276770930052A5F9 /* FiltersHeaderView.xib */,
				7E07C7BF276770930052A5F9 /* FiltersHeaderView.swift */,
			);
			path = FiltersHeaderView;
			sourceTree = "<group>";
		};
		7E07C7C0276770930052A5F9 /* RaitingFilterTableCell */ = {
			isa = PBXGroup;
			children = (
				7E07C7C1276770930052A5F9 /* RatingFilterTableCell.swift */,
				7E07C7C2276770930052A5F9 /* RatingFilterTableCell.xib */,
			);
			path = RaitingFilterTableCell;
			sourceTree = "<group>";
		};
		7E07C7D02767709E0052A5F9 /* Modules */ = {
			isa = PBXGroup;
			children = (
				7E07C7D6276792660052A5F9 /* MoviesSampling */,
				7E07C7D12767709E0052A5F9 /* Filter */,
			);
			path = Modules;
			sourceTree = "<group>";
		};
		7E07C7D12767709E0052A5F9 /* Filter */ = {
			isa = PBXGroup;
			children = (
				7E07C7D22767709E0052A5F9 /* FilterScreenViewController.xib */,
				7E07C7D32767709E0052A5F9 /* FilterScreenViewController.swift */,
			);
			path = Filter;
			sourceTree = "<group>";
		};
		7E07C7D6276792660052A5F9 /* MoviesSampling */ = {
			isa = PBXGroup;
			children = (
				7E07C7D7276793560052A5F9 /* MoviesSamplingViewController.swift */,
				7E07C7D92767936D0052A5F9 /* MoviesSamplingViewController.xib */,
			);
			path = MoviesSampling;
			sourceTree = "<group>";
		};
		7E07C7DB276795C10052A5F9 /* CarouselCollectionCell */ = {
			isa = PBXGroup;
			children = (
				7EFA861927687E3500523248 /* CarouselCollectionCell.swift */,
				7EFA861B27687E4C00523248 /* CarouselCollectionCell.xib */,
			);
			path = CarouselCollectionCell;
			sourceTree = "<group>";
		};
		7EFA861427687A0900523248 /* MovieSampleTableCell */ = {
			isa = PBXGroup;
			children = (
				7EFA861527687A4400523248 /* MovieSampleTableCell.swift */,
				7EFA861727687A4E00523248 /* MovieSampleTableCell.xib */,
			);
			path = MovieSampleTableCell;
			sourceTree = "<group>";
		};
		C644C6FC2768BEEA0078E9FD /* MovieList */ = {
			isa = PBXGroup;
			children = (
				C644C6FD2768BEEA0078E9FD /* MovieListViewController.swift */,
				C644C6FE2768BEEA0078E9FD /* PosterCell.swift */,
				C644C7012768BEEA0078E9FD /* MovieListConstants.swift */,
				C644C6FF2768BEEA0078E9FD /* InterfaceBuilder */,
			);
			name = MovieList;
			path = KinoLenta/MovieList;
			sourceTree = SOURCE_ROOT;
		};
		C644C6FF2768BEEA0078E9FD /* InterfaceBuilder */ = {
			isa = PBXGroup;
			children = (
				C644C7002768BEEA0078E9FD /* MovieList.storyboard */,
			);
			path = InterfaceBuilder;
			sourceTree = "<group>";
		};
		CE1144C3276B620100435D70 /* Extensions */ = {
			isa = PBXGroup;
			children = (
				CE1144C4276B620100435D70 /* Extension+Collection.swift */,
				CE1144C9276B728300435D70 /* Extension+String.swift */,
			);
			path = Extensions;
			sourceTree = "<group>";
		};
		CE1144C6276B620B00435D70 /* Utils */ = {
			isa = PBXGroup;
			children = (
				CE1144C7276B620B00435D70 /* GenreDecode.swift */,
			);
			path = Utils;
			sourceTree = "<group>";
		};
		CEAE404D2768DADD008CC273 /* mock_responses */ = {
			isa = PBXGroup;
			children = (
				CE1144B9276B61F800435D70 /* movie_discover_horrors_ru_region.json */,
				CE1144BB276B61F800435D70 /* movie_genres_ru.json */,
				CE1144BC276B61F800435D70 /* movies_popular.json */,
				CE1144B7276B61F800435D70 /* movies_top_rated.json */,
				CE1144B8276B61F800435D70 /* tv_genres_ru.json */,
				CE1144BA276B61F800435D70 /* tv_movies_multisearch.json */,
			);
			path = mock_responses;
			sourceTree = "<group>";
		};
/* End PBXGroup section */

/* Begin PBXNativeTarget section */
		4B218B9A2762245700C41939 /* KinoLenta */ = {
			isa = PBXNativeTarget;
			buildConfigurationList = 4B218BC52762245900C41939 /* Build configuration list for PBXNativeTarget "KinoLenta" */;
			buildPhases = (
				61F26A82276BC2D000606BC3 /* ShellScript */,
				4B218B972762245700C41939 /* Sources */,
				4B218B982762245700C41939 /* Frameworks */,
				4B218B992762245700C41939 /* Resources */,
			);
			buildRules = (
			);
			dependencies = (
			);
			name = KinoLenta;
			productName = KinoLenta;
			productReference = 4B218B9B2762245700C41939 /* KinoLenta.app */;
			productType = "com.apple.product-type.application";
		};
		4B218BB02762245800C41939 /* KinoLentaTests */ = {
			isa = PBXNativeTarget;
			buildConfigurationList = 4B218BC82762245900C41939 /* Build configuration list for PBXNativeTarget "KinoLentaTests" */;
			buildPhases = (
				4B218BAD2762245800C41939 /* Sources */,
				4B218BAE2762245800C41939 /* Frameworks */,
				4B218BAF2762245800C41939 /* Resources */,
			);
			buildRules = (
			);
			dependencies = (
				4B218BB32762245800C41939 /* PBXTargetDependency */,
			);
			name = KinoLentaTests;
			productName = KinoLentaTests;
			productReference = 4B218BB12762245800C41939 /* KinoLentaTests.xctest */;
			productType = "com.apple.product-type.bundle.unit-test";
		};
		4B218BBB2762245900C41939 /* KinoLentaUITests */ = {
			isa = PBXNativeTarget;
			buildConfigurationList = 4B218BCB2762245900C41939 /* Build configuration list for PBXNativeTarget "KinoLentaUITests" */;
			buildPhases = (
				4B218BB82762245900C41939 /* Sources */,
				4B218BB92762245900C41939 /* Frameworks */,
				4B218BBA2762245900C41939 /* Resources */,
			);
			buildRules = (
			);
			dependencies = (
				4B218BBE2762245900C41939 /* PBXTargetDependency */,
			);
			name = KinoLentaUITests;
			productName = KinoLentaUITests;
			productReference = 4B218BBC2762245900C41939 /* KinoLentaUITests.xctest */;
			productType = "com.apple.product-type.bundle.ui-testing";
		};
/* End PBXNativeTarget section */

/* Begin PBXProject section */
		4B218B932762245700C41939 /* Project object */ = {
			isa = PBXProject;
			attributes = {
				LastSwiftUpdateCheck = 1250;
				LastUpgradeCheck = 1250;
				TargetAttributes = {
					4B218B9A2762245700C41939 = {
						CreatedOnToolsVersion = 12.5.1;
					};
					4B218BB02762245800C41939 = {
						CreatedOnToolsVersion = 12.5.1;
						TestTargetID = 4B218B9A2762245700C41939;
					};
					4B218BBB2762245900C41939 = {
						CreatedOnToolsVersion = 12.5.1;
						TestTargetID = 4B218B9A2762245700C41939;
					};
				};
			};
			buildConfigurationList = 4B218B962762245700C41939 /* Build configuration list for PBXProject "KinoLenta" */;
			compatibilityVersion = "Xcode 9.3";
			developmentRegion = en;
			hasScannedForEncodings = 0;
			knownRegions = (
				en,
				Base,
			);
			mainGroup = 4B218B922762245700C41939;
			productRefGroup = 4B218B9C2762245700C41939 /* Products */;
			projectDirPath = "";
			projectRoot = "";
			targets = (
				4B218B9A2762245700C41939 /* KinoLenta */,
				4B218BB02762245800C41939 /* KinoLentaTests */,
				4B218BBB2762245900C41939 /* KinoLentaUITests */,
			);
		};
/* End PBXProject section */

/* Begin PBXResourcesBuildPhase section */
		4B218B992762245700C41939 /* Resources */ = {
			isa = PBXResourcesBuildPhase;
			buildActionMask = 2147483647;
			files = (
				7E07C7D42767709E0052A5F9 /* FilterScreenViewController.xib in Resources */,
				4B218BAB2762245800C41939 /* LaunchScreen.storyboard in Resources */,
				CE1144BE276B61F800435D70 /* tv_genres_ru.json in Resources */,
				CE1144C2276B61F800435D70 /* movies_popular.json in Resources */,
				4B0BA6832764D751008507EE /* SearchView.xib in Resources */,
				7E07C7C9276770930052A5F9 /* FiltersHeaderView.xib in Resources */,
				CE1144C1276B61F800435D70 /* movie_genres_ru.json in Resources */,
				4B0BA6822764D751008507EE /* GenreQuickFilterCell.xib in Resources */,
				7EFA861C27687E4C00523248 /* CarouselCollectionCell.xib in Resources */,
				4B0BA6712764D743008507EE /* SearchedMovies.storyboard in Resources */,
				CE1144BD276B61F800435D70 /* movies_top_rated.json in Resources */,
				7EFA861827687A4E00523248 /* MovieSampleTableCell.xib in Resources */,
				4B0BA63A2764C4FF008507EE /* LaunchScreen.storyboard in Resources */,
				7E07C7C8276770930052A5F9 /* FiltersFooterView.xib in Resources */,
				7E07C7C6276770930052A5F9 /* PickerFilterTableCell.xib in Resources */,
				C644C7042768BEEA0078E9FD /* MovieList.storyboard in Resources */,
				CE1144BF276B61F800435D70 /* movie_discover_horrors_ru_region.json in Resources */,
				CE1144C0276B61F800435D70 /* tv_movies_multisearch.json in Resources */,
				4B0BA6722764D743008507EE /* SearchedMovieTableViewCell.xib in Resources */,
				7E07C7CC276770930052A5F9 /* RatingFilterTableCell.xib in Resources */,
				7E07C7DA2767936D0052A5F9 /* MoviesSamplingViewController.xib in Resources */,
				4B0BA6392764C4FF008507EE /* Assets.xcassets in Resources */,
				7E07C7C3276770930052A5F9 /* YearFilterTableCell.xib in Resources */,
			);
			runOnlyForDeploymentPostprocessing = 0;
		};
		4B218BAF2762245800C41939 /* Resources */ = {
			isa = PBXResourcesBuildPhase;
			buildActionMask = 2147483647;
			files = (
			);
			runOnlyForDeploymentPostprocessing = 0;
		};
		4B218BBA2762245900C41939 /* Resources */ = {
			isa = PBXResourcesBuildPhase;
			buildActionMask = 2147483647;
			files = (
			);
			runOnlyForDeploymentPostprocessing = 0;
		};
/* End PBXResourcesBuildPhase section */

/* Begin PBXShellScriptBuildPhase section */
		61F26A82276BC2D000606BC3 /* ShellScript */ = {
			isa = PBXShellScriptBuildPhase;
			buildActionMask = 2147483647;
			files = (
			);
			inputFileListPaths = (
			);
			inputPaths = (
				"$(SRCROOT)/api-key.txt",
				"$(SRCROOT)/KinoLenta/Infra/api_key_embedder.py",
			);
			outputFileListPaths = (
			);
			outputPaths = (
				"$(SRCROOT)/KinoLenta/Generated/APIKey.swift",
			);
			runOnlyForDeploymentPostprocessing = 0;
			shellPath = /bin/sh;
			shellScript = "# Type a script or drag a script file from your workspace to insert its path.\n\npython3 KinoLenta/Infra/api_key_embedder.py\n";
		};
/* End PBXShellScriptBuildPhase section */

/* Begin PBXSourcesBuildPhase section */
		4B218B972762245700C41939 /* Sources */ = {
			isa = PBXSourcesBuildPhase;
			buildActionMask = 2147483647;
			files = (
				7E07C7CB276770930052A5F9 /* RatingFilterTableCell.swift in Sources */,
				CE1144C8276B620B00435D70 /* GenreDecode.swift in Sources */,
				4B8C1A59276515D9002A637C /* QuickItemFilterView.swift in Sources */,
				66852C9D276794860055E4A1 /* MovieDomainModel.swift in Sources */,
				4B3492D9276B1F6000C9265F /* MovieTextItemDescriptor.swift in Sources */,
				CE1144CA276B728300435D70 /* Extension+String.swift in Sources */,
				4B3492E0276B1F6000C9265F /* MovieDetailViewController.swift in Sources */,
				66852CA4276794AA0055E4A1 /* Networking.swift in Sources */,
				4B218BCF2762269900C41939 /* MainGraph.swift in Sources */,
				4B349300276C711100C9265F /* StarsRatingDialogView.swift in Sources */,
				4B0BA6752764D743008507EE /* SearchedMovieTableViewCell.swift in Sources */,
				7E07C7D8276793560052A5F9 /* MoviesSamplingViewController.swift in Sources */,
				4B3492DC276B1F6000C9265F /* DetailMovieStarsCollectionViewCell.swift in Sources */,
				7EFA861A27687E3500523248 /* CarouselCollectionCell.swift in Sources */,
				4B3492E3276B1F7F00C9265F /* CollectionViewCellDescriptor.swift in Sources */,
				4B0BA6842764D751008507EE /* RatingView.swift in Sources */,
				4B218B9F2762245700C41939 /* AppDelegate.swift in Sources */,
				4B0BA6732764D743008507EE /* SearchedMoviesViewController.swift in Sources */,
				66852C9C276794860055E4A1 /* TVModel.swift in Sources */,
				66852C9A276794860055E4A1 /* CommonModels.swift in Sources */,
				7E07C7C5276770930052A5F9 /* PickerFilterTableCell.swift in Sources */,
				4B3492D8276B1F6000C9265F /* DetailMovieButtonActionsDescriptor.swift in Sources */,
				7EFA86252768B42E00523248 /* ImageViewExtension.swift in Sources */,
				4B3492F0276B219C00C9265F /* CollectionViewExtension.swift in Sources */,
				4B8C1A57276515D9002A637C /* QuickItemFilterCollectionViewLayout.swift in Sources */,
				7E07C7CF276770990052A5F9 /* TableViewExtension.swift in Sources */,
				4B0BA6862764D751008507EE /* StringExtension.swift in Sources */,
				4B3492E4276B1F7F00C9265F /* LayoutManager.swift in Sources */,
				CEAE404C2768D95D008CC273 /* MockDataManager.swift in Sources */,
				7E6D2B82276B3D2100AB10D8 /* DataExtension.swift in Sources */,
				66852CA5276794AA0055E4A1 /* Caching.swift in Sources */,
				4B3492F7276B264B00C9265F /* DetailMovieImageDescriptor.swift in Sources */,
				7E07C7D52767709E0052A5F9 /* FilterScreenViewController.swift in Sources */,
				7E6D2B84276B43BC00AB10D8 /* CancellationHandle.swift in Sources */,
				4B3492DB276B1F6000C9265F /* MovieTextItemCollectionViewCell.swift in Sources */,
				C644C7052768BEEA0078E9FD /* MovieListConstants.swift in Sources */,
				66852C99276794860055E4A1 /* MovieModel.swift in Sources */,
				4B8C1A58276515D9002A637C /* QuickItemFilterCollectionViewCell.swift in Sources */,
				4B3492FF276C711100C9265F /* ImageCollectionViewCell.swift in Sources */,
				4B3492F3276B264300C9265F /* DetailMovieImageCollectionViewCell.swift in Sources */,
				4B218BA12762245700C41939 /* SceneDelegate.swift in Sources */,
				4B3492DE276B1F6000C9265F /* DetailMovieTextCollectionViewCell.swift in Sources */,
				4B3492DD276B1F6000C9265F /* DetailMovieReviewCollectionViewCell.swift in Sources */,
				4B3492DF276B1F6000C9265F /* DetailMovieButtonActionsCollectionViewCell.swift in Sources */,
				C644C7022768BEEA0078E9FD /* MovieListViewController.swift in Sources */,
				4B0BA6852764D751008507EE /* ColorExtension.swift in Sources */,
				66852CA6276794AA0055E4A1 /* DataAccessProtocols.swift in Sources */,
				7E92D7042769F4EC00220928 /* ImageCache.swift in Sources */,
				66852C9B276794860055E4A1 /* SearchModel.swift in Sources */,
				4B0BA6742764D743008507EE /* SearchedMovieViewItem.swift in Sources */,
				66852CA3276794AA0055E4A1 /* DataManager.swift in Sources */,
				61F26A87276C73A800606BC3 /* APIKey.swift in Sources */,
				7EFA861627687A4400523248 /* MovieSampleTableCell.swift in Sources */,
				C644C7032768BEEA0078E9FD /* PosterCell.swift in Sources */,
				7E07C7C7276770930052A5F9 /* FiltersFooterView.swift in Sources */,
				7E92D7022769EE6600220928 /* UrlExtension.swift in Sources */,
				7E07C7C4276770930052A5F9 /* YearFilterTableCell.swift in Sources */,
				4B3492D6276B1F6000C9265F /* DetailMovieStarsDescriptor.swift in Sources */,
				4B3492D7276B1F6000C9265F /* DetailMovieReviewDescriptor.swift in Sources */,
				7E07C7CA276770930052A5F9 /* FiltersHeaderView.swift in Sources */,
				CE1144C5276B620100435D70 /* Extension+Collection.swift in Sources */,
			);
			runOnlyForDeploymentPostprocessing = 0;
		};
		4B218BAD2762245800C41939 /* Sources */ = {
			isa = PBXSourcesBuildPhase;
			buildActionMask = 2147483647;
			files = (
				4B218BB62762245800C41939 /* KinoLentaTests.swift in Sources */,
			);
			runOnlyForDeploymentPostprocessing = 0;
		};
		4B218BB82762245900C41939 /* Sources */ = {
			isa = PBXSourcesBuildPhase;
			buildActionMask = 2147483647;
			files = (
				4B218BC12762245900C41939 /* KinoLentaUITests.swift in Sources */,
			);
			runOnlyForDeploymentPostprocessing = 0;
		};
/* End PBXSourcesBuildPhase section */

/* Begin PBXTargetDependency section */
		4B218BB32762245800C41939 /* PBXTargetDependency */ = {
			isa = PBXTargetDependency;
			target = 4B218B9A2762245700C41939 /* KinoLenta */;
			targetProxy = 4B218BB22762245800C41939 /* PBXContainerItemProxy */;
		};
		4B218BBE2762245900C41939 /* PBXTargetDependency */ = {
			isa = PBXTargetDependency;
			target = 4B218B9A2762245700C41939 /* KinoLenta */;
			targetProxy = 4B218BBD2762245900C41939 /* PBXContainerItemProxy */;
		};
/* End PBXTargetDependency section */

/* Begin PBXVariantGroup section */
		4B0BA61A2764C4FF008507EE /* LaunchScreen.storyboard */ = {
			isa = PBXVariantGroup;
			children = (
				4B0BA61B2764C4FF008507EE /* Base */,
			);
			name = LaunchScreen.storyboard;
			sourceTree = "<group>";
		};
		4B218BA92762245800C41939 /* LaunchScreen.storyboard */ = {
			isa = PBXVariantGroup;
			children = (
				4B218BAA2762245800C41939 /* Base */,
			);
			name = LaunchScreen.storyboard;
			sourceTree = "<group>";
		};
/* End PBXVariantGroup section */

/* Begin XCBuildConfiguration section */
		4B218BC32762245900C41939 /* Debug */ = {
			isa = XCBuildConfiguration;
			buildSettings = {
				ALWAYS_SEARCH_USER_PATHS = NO;
				CLANG_ANALYZER_NONNULL = YES;
				CLANG_ANALYZER_NUMBER_OBJECT_CONVERSION = YES_AGGRESSIVE;
				CLANG_CXX_LANGUAGE_STANDARD = "gnu++14";
				CLANG_CXX_LIBRARY = "libc++";
				CLANG_ENABLE_MODULES = YES;
				CLANG_ENABLE_OBJC_ARC = YES;
				CLANG_ENABLE_OBJC_WEAK = YES;
				CLANG_WARN_BLOCK_CAPTURE_AUTORELEASING = YES;
				CLANG_WARN_BOOL_CONVERSION = YES;
				CLANG_WARN_COMMA = YES;
				CLANG_WARN_CONSTANT_CONVERSION = YES;
				CLANG_WARN_DEPRECATED_OBJC_IMPLEMENTATIONS = YES;
				CLANG_WARN_DIRECT_OBJC_ISA_USAGE = YES_ERROR;
				CLANG_WARN_DOCUMENTATION_COMMENTS = YES;
				CLANG_WARN_EMPTY_BODY = YES;
				CLANG_WARN_ENUM_CONVERSION = YES;
				CLANG_WARN_INFINITE_RECURSION = YES;
				CLANG_WARN_INT_CONVERSION = YES;
				CLANG_WARN_NON_LITERAL_NULL_CONVERSION = YES;
				CLANG_WARN_OBJC_IMPLICIT_RETAIN_SELF = YES;
				CLANG_WARN_OBJC_LITERAL_CONVERSION = YES;
				CLANG_WARN_OBJC_ROOT_CLASS = YES_ERROR;
				CLANG_WARN_QUOTED_INCLUDE_IN_FRAMEWORK_HEADER = YES;
				CLANG_WARN_RANGE_LOOP_ANALYSIS = YES;
				CLANG_WARN_STRICT_PROTOTYPES = YES;
				CLANG_WARN_SUSPICIOUS_MOVE = YES;
				CLANG_WARN_UNGUARDED_AVAILABILITY = YES_AGGRESSIVE;
				CLANG_WARN_UNREACHABLE_CODE = YES;
				CLANG_WARN__DUPLICATE_METHOD_MATCH = YES;
				COPY_PHASE_STRIP = NO;
				DEBUG_INFORMATION_FORMAT = dwarf;
				ENABLE_STRICT_OBJC_MSGSEND = YES;
				ENABLE_TESTABILITY = YES;
				GCC_C_LANGUAGE_STANDARD = gnu11;
				GCC_DYNAMIC_NO_PIC = NO;
				GCC_NO_COMMON_BLOCKS = YES;
				GCC_OPTIMIZATION_LEVEL = 0;
				GCC_PREPROCESSOR_DEFINITIONS = (
					"DEBUG=1",
					"$(inherited)",
				);
				GCC_WARN_64_TO_32_BIT_CONVERSION = YES;
				GCC_WARN_ABOUT_RETURN_TYPE = YES_ERROR;
				GCC_WARN_UNDECLARED_SELECTOR = YES;
				GCC_WARN_UNINITIALIZED_AUTOS = YES_AGGRESSIVE;
				GCC_WARN_UNUSED_FUNCTION = YES;
				GCC_WARN_UNUSED_VARIABLE = YES;
				IPHONEOS_DEPLOYMENT_TARGET = 14.5;
				MTL_ENABLE_DEBUG_INFO = INCLUDE_SOURCE;
				MTL_FAST_MATH = YES;
				ONLY_ACTIVE_ARCH = YES;
				SDKROOT = iphoneos;
				SWIFT_ACTIVE_COMPILATION_CONDITIONS = DEBUG;
				SWIFT_OPTIMIZATION_LEVEL = "-Onone";
			};
			name = Debug;
		};
		4B218BC42762245900C41939 /* Release */ = {
			isa = XCBuildConfiguration;
			buildSettings = {
				ALWAYS_SEARCH_USER_PATHS = NO;
				CLANG_ANALYZER_NONNULL = YES;
				CLANG_ANALYZER_NUMBER_OBJECT_CONVERSION = YES_AGGRESSIVE;
				CLANG_CXX_LANGUAGE_STANDARD = "gnu++14";
				CLANG_CXX_LIBRARY = "libc++";
				CLANG_ENABLE_MODULES = YES;
				CLANG_ENABLE_OBJC_ARC = YES;
				CLANG_ENABLE_OBJC_WEAK = YES;
				CLANG_WARN_BLOCK_CAPTURE_AUTORELEASING = YES;
				CLANG_WARN_BOOL_CONVERSION = YES;
				CLANG_WARN_COMMA = YES;
				CLANG_WARN_CONSTANT_CONVERSION = YES;
				CLANG_WARN_DEPRECATED_OBJC_IMPLEMENTATIONS = YES;
				CLANG_WARN_DIRECT_OBJC_ISA_USAGE = YES_ERROR;
				CLANG_WARN_DOCUMENTATION_COMMENTS = YES;
				CLANG_WARN_EMPTY_BODY = YES;
				CLANG_WARN_ENUM_CONVERSION = YES;
				CLANG_WARN_INFINITE_RECURSION = YES;
				CLANG_WARN_INT_CONVERSION = YES;
				CLANG_WARN_NON_LITERAL_NULL_CONVERSION = YES;
				CLANG_WARN_OBJC_IMPLICIT_RETAIN_SELF = YES;
				CLANG_WARN_OBJC_LITERAL_CONVERSION = YES;
				CLANG_WARN_OBJC_ROOT_CLASS = YES_ERROR;
				CLANG_WARN_QUOTED_INCLUDE_IN_FRAMEWORK_HEADER = YES;
				CLANG_WARN_RANGE_LOOP_ANALYSIS = YES;
				CLANG_WARN_STRICT_PROTOTYPES = YES;
				CLANG_WARN_SUSPICIOUS_MOVE = YES;
				CLANG_WARN_UNGUARDED_AVAILABILITY = YES_AGGRESSIVE;
				CLANG_WARN_UNREACHABLE_CODE = YES;
				CLANG_WARN__DUPLICATE_METHOD_MATCH = YES;
				COPY_PHASE_STRIP = NO;
				DEBUG_INFORMATION_FORMAT = "dwarf-with-dsym";
				ENABLE_NS_ASSERTIONS = NO;
				ENABLE_STRICT_OBJC_MSGSEND = YES;
				GCC_C_LANGUAGE_STANDARD = gnu11;
				GCC_NO_COMMON_BLOCKS = YES;
				GCC_WARN_64_TO_32_BIT_CONVERSION = YES;
				GCC_WARN_ABOUT_RETURN_TYPE = YES_ERROR;
				GCC_WARN_UNDECLARED_SELECTOR = YES;
				GCC_WARN_UNINITIALIZED_AUTOS = YES_AGGRESSIVE;
				GCC_WARN_UNUSED_FUNCTION = YES;
				GCC_WARN_UNUSED_VARIABLE = YES;
				IPHONEOS_DEPLOYMENT_TARGET = 14.5;
				MTL_ENABLE_DEBUG_INFO = NO;
				MTL_FAST_MATH = YES;
				SDKROOT = iphoneos;
				SWIFT_COMPILATION_MODE = wholemodule;
				SWIFT_OPTIMIZATION_LEVEL = "-O";
				VALIDATE_PRODUCT = YES;
			};
			name = Release;
		};
		4B218BC62762245900C41939 /* Debug */ = {
			isa = XCBuildConfiguration;
			buildSettings = {
				ASSETCATALOG_COMPILER_APPICON_NAME = AppIcon;
				ASSETCATALOG_COMPILER_GLOBAL_ACCENT_COLOR_NAME = AccentColor;
				CODE_SIGN_STYLE = Automatic;
				DEVELOPMENT_TEAM = K5XWDYYG67;
				INFOPLIST_FILE = KinoLenta/Info.plist;
				IPHONEOS_DEPLOYMENT_TARGET = 14.5;
				LD_RUNPATH_SEARCH_PATHS = (
					"$(inherited)",
					"@executable_path/Frameworks",
				);
				PRODUCT_BUNDLE_IDENTIFIER = com.trifonov.KinoLenta;
				PRODUCT_NAME = "$(TARGET_NAME)";
				SWIFT_VERSION = 5.0;
				TARGETED_DEVICE_FAMILY = "1,2";
			};
			name = Debug;
		};
		4B218BC72762245900C41939 /* Release */ = {
			isa = XCBuildConfiguration;
			buildSettings = {
				ASSETCATALOG_COMPILER_APPICON_NAME = AppIcon;
				ASSETCATALOG_COMPILER_GLOBAL_ACCENT_COLOR_NAME = AccentColor;
				CODE_SIGN_STYLE = Automatic;
				DEVELOPMENT_TEAM = K5XWDYYG67;
				INFOPLIST_FILE = KinoLenta/Info.plist;
				IPHONEOS_DEPLOYMENT_TARGET = 14.5;
				LD_RUNPATH_SEARCH_PATHS = (
					"$(inherited)",
					"@executable_path/Frameworks",
				);
				PRODUCT_BUNDLE_IDENTIFIER = com.trifonov.KinoLenta;
				PRODUCT_NAME = "$(TARGET_NAME)";
				SWIFT_VERSION = 5.0;
				TARGETED_DEVICE_FAMILY = "1,2";
			};
			name = Release;
		};
		4B218BC92762245900C41939 /* Debug */ = {
			isa = XCBuildConfiguration;
			buildSettings = {
				ALWAYS_EMBED_SWIFT_STANDARD_LIBRARIES = YES;
				BUNDLE_LOADER = "$(TEST_HOST)";
				CODE_SIGN_STYLE = Automatic;
				DEVELOPMENT_TEAM = K5XWDYYG67;
				INFOPLIST_FILE = KinoLentaTests/Info.plist;
				IPHONEOS_DEPLOYMENT_TARGET = 14.5;
				LD_RUNPATH_SEARCH_PATHS = (
					"$(inherited)",
					"@executable_path/Frameworks",
					"@loader_path/Frameworks",
				);
				PRODUCT_BUNDLE_IDENTIFIER = com.trifonov.KinoLentaTests;
				PRODUCT_NAME = "$(TARGET_NAME)";
				SWIFT_VERSION = 5.0;
				TARGETED_DEVICE_FAMILY = "1,2";
				TEST_HOST = "$(BUILT_PRODUCTS_DIR)/KinoLenta.app/KinoLenta";
			};
			name = Debug;
		};
		4B218BCA2762245900C41939 /* Release */ = {
			isa = XCBuildConfiguration;
			buildSettings = {
				ALWAYS_EMBED_SWIFT_STANDARD_LIBRARIES = YES;
				BUNDLE_LOADER = "$(TEST_HOST)";
				CODE_SIGN_STYLE = Automatic;
				DEVELOPMENT_TEAM = K5XWDYYG67;
				INFOPLIST_FILE = KinoLentaTests/Info.plist;
				IPHONEOS_DEPLOYMENT_TARGET = 14.5;
				LD_RUNPATH_SEARCH_PATHS = (
					"$(inherited)",
					"@executable_path/Frameworks",
					"@loader_path/Frameworks",
				);
				PRODUCT_BUNDLE_IDENTIFIER = com.trifonov.KinoLentaTests;
				PRODUCT_NAME = "$(TARGET_NAME)";
				SWIFT_VERSION = 5.0;
				TARGETED_DEVICE_FAMILY = "1,2";
				TEST_HOST = "$(BUILT_PRODUCTS_DIR)/KinoLenta.app/KinoLenta";
			};
			name = Release;
		};
		4B218BCC2762245900C41939 /* Debug */ = {
			isa = XCBuildConfiguration;
			buildSettings = {
				ALWAYS_EMBED_SWIFT_STANDARD_LIBRARIES = YES;
				CODE_SIGN_STYLE = Automatic;
				DEVELOPMENT_TEAM = K5XWDYYG67;
				INFOPLIST_FILE = KinoLentaUITests/Info.plist;
				LD_RUNPATH_SEARCH_PATHS = (
					"$(inherited)",
					"@executable_path/Frameworks",
					"@loader_path/Frameworks",
				);
				PRODUCT_BUNDLE_IDENTIFIER = com.trifonov.KinoLentaUITests;
				PRODUCT_NAME = "$(TARGET_NAME)";
				SWIFT_VERSION = 5.0;
				TARGETED_DEVICE_FAMILY = "1,2";
				TEST_TARGET_NAME = KinoLenta;
			};
			name = Debug;
		};
		4B218BCD2762245900C41939 /* Release */ = {
			isa = XCBuildConfiguration;
			buildSettings = {
				ALWAYS_EMBED_SWIFT_STANDARD_LIBRARIES = YES;
				CODE_SIGN_STYLE = Automatic;
				DEVELOPMENT_TEAM = K5XWDYYG67;
				INFOPLIST_FILE = KinoLentaUITests/Info.plist;
				LD_RUNPATH_SEARCH_PATHS = (
					"$(inherited)",
					"@executable_path/Frameworks",
					"@loader_path/Frameworks",
				);
				PRODUCT_BUNDLE_IDENTIFIER = com.trifonov.KinoLentaUITests;
				PRODUCT_NAME = "$(TARGET_NAME)";
				SWIFT_VERSION = 5.0;
				TARGETED_DEVICE_FAMILY = "1,2";
				TEST_TARGET_NAME = KinoLenta;
			};
			name = Release;
		};
/* End XCBuildConfiguration section */

/* Begin XCConfigurationList section */
		4B218B962762245700C41939 /* Build configuration list for PBXProject "KinoLenta" */ = {
			isa = XCConfigurationList;
			buildConfigurations = (
				4B218BC32762245900C41939 /* Debug */,
				4B218BC42762245900C41939 /* Release */,
			);
			defaultConfigurationIsVisible = 0;
			defaultConfigurationName = Release;
		};
		4B218BC52762245900C41939 /* Build configuration list for PBXNativeTarget "KinoLenta" */ = {
			isa = XCConfigurationList;
			buildConfigurations = (
				4B218BC62762245900C41939 /* Debug */,
				4B218BC72762245900C41939 /* Release */,
			);
			defaultConfigurationIsVisible = 0;
			defaultConfigurationName = Release;
		};
		4B218BC82762245900C41939 /* Build configuration list for PBXNativeTarget "KinoLentaTests" */ = {
			isa = XCConfigurationList;
			buildConfigurations = (
				4B218BC92762245900C41939 /* Debug */,
				4B218BCA2762245900C41939 /* Release */,
			);
			defaultConfigurationIsVisible = 0;
			defaultConfigurationName = Release;
		};
		4B218BCB2762245900C41939 /* Build configuration list for PBXNativeTarget "KinoLentaUITests" */ = {
			isa = XCConfigurationList;
			buildConfigurations = (
				4B218BCC2762245900C41939 /* Debug */,
				4B218BCD2762245900C41939 /* Release */,
			);
			defaultConfigurationIsVisible = 0;
			defaultConfigurationName = Release;
		};
/* End XCConfigurationList section */
	};
	rootObject = 4B218B932762245700C41939 /* Project object */;
}
