// !$*UTF8*$!
{
	archiveVersion = 1;
	classes = {
	};
	objectVersion = 50;
	objects = {

/* Begin PBXBuildFile section */
		4B0BA6012764C4CC008507EE /* SearchedMoviesViewController.swift in Sources */ = {isa = PBXBuildFile; fileRef = 4B0BA5FE2764C4CC008507EE /* SearchedMoviesViewController.swift */; };
		4B0BA6022764C4CC008507EE /* SearchedMovieTableViewCell.swift in Sources */ = {isa = PBXBuildFile; fileRef = 4B0BA5FF2764C4CC008507EE /* SearchedMovieTableViewCell.swift */; };
		4B0BA6032764C4CC008507EE /* SearchedMovieViewItem.swift in Sources */ = {isa = PBXBuildFile; fileRef = 4B0BA6002764C4CC008507EE /* SearchedMovieViewItem.swift */; };
		4B0BA62E2764C4FF008507EE /* GenreQuickFilterCell.xib in Resources */ = {isa = PBXBuildFile; fileRef = 4B0BA60B2764C4FE008507EE /* GenreQuickFilterCell.xib */; };
		4B0BA62F2764C4FF008507EE /* SearchView.xib in Resources */ = {isa = PBXBuildFile; fileRef = 4B0BA60C2764C4FE008507EE /* SearchView.xib */; };
		4B0BA6302764C4FF008507EE /* RatingView.swift in Sources */ = {isa = PBXBuildFile; fileRef = 4B0BA60D2764C4FF008507EE /* RatingView.swift */; };
		4B0BA6312764C4FF008507EE /* ColorExtension.swift in Sources */ = {isa = PBXBuildFile; fileRef = 4B0BA60F2764C4FF008507EE /* ColorExtension.swift */; };
		4B0BA6322764C4FF008507EE /* StringExtension.swift in Sources */ = {isa = PBXBuildFile; fileRef = 4B0BA6102764C4FF008507EE /* StringExtension.swift */; };
		4B0BA6352764C4FF008507EE /* QuickItemFilterView.swift in Sources */ = {isa = PBXBuildFile; fileRef = 4B0BA6142764C4FF008507EE /* QuickItemFilterView.swift */; };
		4B0BA6362764C4FF008507EE /* QuickItemFilterCollectionViewCell.swift in Sources */ = {isa = PBXBuildFile; fileRef = 4B0BA6152764C4FF008507EE /* QuickItemFilterCollectionViewCell.swift */; };
		4B0BA6372764C4FF008507EE /* QuickItemFilterCollectionViewLayout.swift in Sources */ = {isa = PBXBuildFile; fileRef = 4B0BA6162764C4FF008507EE /* QuickItemFilterCollectionViewLayout.swift */; };
		4B0BA6392764C4FF008507EE /* Assets.xcassets in Resources */ = {isa = PBXBuildFile; fileRef = 4B0BA6182764C4FF008507EE /* Assets.xcassets */; };
		4B0BA63A2764C4FF008507EE /* LaunchScreen.storyboard in Resources */ = {isa = PBXBuildFile; fileRef = 4B0BA61A2764C4FF008507EE /* LaunchScreen.storyboard */; };
		4B0BA63E2764C4FF008507EE /* SearchedMovies.storyboard in Resources */ = {isa = PBXBuildFile; fileRef = 4B0BA6222764C4FF008507EE /* SearchedMovies.storyboard */; };
		4B0BA63F2764C4FF008507EE /* SearchedMovieTableViewCell.xib in Resources */ = {isa = PBXBuildFile; fileRef = 4B0BA6232764C4FF008507EE /* SearchedMovieTableViewCell.xib */; };
		4B0BA6412764C4FF008507EE /* SearchedMoviesViewController.swift in Sources */ = {isa = PBXBuildFile; fileRef = 4B0BA6252764C4FF008507EE /* SearchedMoviesViewController.swift */; };
		4B0BA6422764C4FF008507EE /* SearchedMovieViewItem.swift in Sources */ = {isa = PBXBuildFile; fileRef = 4B0BA6262764C4FF008507EE /* SearchedMovieViewItem.swift */; };
		4B0BA6442764C4FF008507EE /* SearchedMovieTableViewCell.swift in Sources */ = {isa = PBXBuildFile; fileRef = 4B0BA6282764C4FF008507EE /* SearchedMovieTableViewCell.swift */; };
		4B218B9F2762245700C41939 /* AppDelegate.swift in Sources */ = {isa = PBXBuildFile; fileRef = 4B218B9E2762245700C41939 /* AppDelegate.swift */; };
		4B218BA12762245700C41939 /* SceneDelegate.swift in Sources */ = {isa = PBXBuildFile; fileRef = 4B218BA02762245700C41939 /* SceneDelegate.swift */; };
		4B218BAB2762245800C41939 /* LaunchScreen.storyboard in Resources */ = {isa = PBXBuildFile; fileRef = 4B218BA92762245800C41939 /* LaunchScreen.storyboard */; };
		4B218BB62762245800C41939 /* KinoLentaTests.swift in Sources */ = {isa = PBXBuildFile; fileRef = 4B218BB52762245800C41939 /* KinoLentaTests.swift */; };
		4B218BC12762245900C41939 /* KinoLentaUITests.swift in Sources */ = {isa = PBXBuildFile; fileRef = 4B218BC02762245900C41939 /* KinoLentaUITests.swift */; };
		4B218BCF2762269900C41939 /* MainGraph.swift in Sources */ = {isa = PBXBuildFile; fileRef = 4B218BCE2762269900C41939 /* MainGraph.swift */; };
/* End PBXBuildFile section */

/* Begin PBXContainerItemProxy section */
		4B218BB22762245800C41939 /* PBXContainerItemProxy */ = {
			isa = PBXContainerItemProxy;
			containerPortal = 4B218B932762245700C41939 /* Project object */;
			proxyType = 1;
			remoteGlobalIDString = 4B218B9A2762245700C41939;
			remoteInfo = KinoLenta;
		};
		4B218BBD2762245900C41939 /* PBXContainerItemProxy */ = {
			isa = PBXContainerItemProxy;
			containerPortal = 4B218B932762245700C41939 /* Project object */;
			proxyType = 1;
			remoteGlobalIDString = 4B218B9A2762245700C41939;
			remoteInfo = KinoLenta;
		};
/* End PBXContainerItemProxy section */

/* Begin PBXFileReference section */
		4B0BA5FE2764C4CC008507EE /* SearchedMoviesViewController.swift */ = {isa = PBXFileReference; fileEncoding = 4; lastKnownFileType = sourcecode.swift; name = SearchedMoviesViewController.swift; path = SearchedMovieList/SearchedMoviesViewController.swift; sourceTree = "<group>"; };
		4B0BA5FF2764C4CC008507EE /* SearchedMovieTableViewCell.swift */ = {isa = PBXFileReference; fileEncoding = 4; lastKnownFileType = sourcecode.swift; name = SearchedMovieTableViewCell.swift; path = SearchedMovieList/SearchedMovieTableViewCell.swift; sourceTree = "<group>"; };
		4B0BA6002764C4CC008507EE /* SearchedMovieViewItem.swift */ = {isa = PBXFileReference; fileEncoding = 4; lastKnownFileType = sourcecode.swift; name = SearchedMovieViewItem.swift; path = SearchedMovieList/SearchedMovieViewItem.swift; sourceTree = "<group>"; };
		4B0BA60B2764C4FE008507EE /* GenreQuickFilterCell.xib */ = {isa = PBXFileReference; fileEncoding = 4; lastKnownFileType = file.xib; path = GenreQuickFilterCell.xib; sourceTree = "<group>"; };
		4B0BA60C2764C4FE008507EE /* SearchView.xib */ = {isa = PBXFileReference; fileEncoding = 4; lastKnownFileType = file.xib; path = SearchView.xib; sourceTree = "<group>"; };
		4B0BA60D2764C4FF008507EE /* RatingView.swift */ = {isa = PBXFileReference; fileEncoding = 4; lastKnownFileType = sourcecode.swift; path = RatingView.swift; sourceTree = "<group>"; };
		4B0BA60F2764C4FF008507EE /* ColorExtension.swift */ = {isa = PBXFileReference; fileEncoding = 4; lastKnownFileType = sourcecode.swift; path = ColorExtension.swift; sourceTree = "<group>"; };
		4B0BA6102764C4FF008507EE /* StringExtension.swift */ = {isa = PBXFileReference; fileEncoding = 4; lastKnownFileType = sourcecode.swift; path = StringExtension.swift; sourceTree = "<group>"; };
		4B0BA6142764C4FF008507EE /* QuickItemFilterView.swift */ = {isa = PBXFileReference; fileEncoding = 4; lastKnownFileType = sourcecode.swift; path = QuickItemFilterView.swift; sourceTree = "<group>"; };
		4B0BA6152764C4FF008507EE /* QuickItemFilterCollectionViewCell.swift */ = {isa = PBXFileReference; fileEncoding = 4; lastKnownFileType = sourcecode.swift; path = QuickItemFilterCollectionViewCell.swift; sourceTree = "<group>"; };
		4B0BA6162764C4FF008507EE /* QuickItemFilterCollectionViewLayout.swift */ = {isa = PBXFileReference; fileEncoding = 4; lastKnownFileType = sourcecode.swift; path = QuickItemFilterCollectionViewLayout.swift; sourceTree = "<group>"; };
		4B0BA6182764C4FF008507EE /* Assets.xcassets */ = {isa = PBXFileReference; lastKnownFileType = folder.assetcatalog; path = Assets.xcassets; sourceTree = "<group>"; };
		4B0BA61B2764C4FF008507EE /* Base */ = {isa = PBXFileReference; lastKnownFileType = file.storyboard; name = Base; path = LaunchScreen.storyboard; sourceTree = "<group>"; };
		4B0BA6222764C4FF008507EE /* SearchedMovies.storyboard */ = {isa = PBXFileReference; fileEncoding = 4; lastKnownFileType = file.storyboard; path = SearchedMovies.storyboard; sourceTree = "<group>"; };
		4B0BA6232764C4FF008507EE /* SearchedMovieTableViewCell.xib */ = {isa = PBXFileReference; fileEncoding = 4; lastKnownFileType = file.xib; path = SearchedMovieTableViewCell.xib; sourceTree = "<group>"; };
		4B0BA6252764C4FF008507EE /* SearchedMoviesViewController.swift */ = {isa = PBXFileReference; fileEncoding = 4; lastKnownFileType = sourcecode.swift; path = SearchedMoviesViewController.swift; sourceTree = "<group>"; };
		4B0BA6262764C4FF008507EE /* SearchedMovieViewItem.swift */ = {isa = PBXFileReference; fileEncoding = 4; lastKnownFileType = sourcecode.swift; path = SearchedMovieViewItem.swift; sourceTree = "<group>"; };
		4B0BA6282764C4FF008507EE /* SearchedMovieTableViewCell.swift */ = {isa = PBXFileReference; fileEncoding = 4; lastKnownFileType = sourcecode.swift; path = SearchedMovieTableViewCell.swift; sourceTree = "<group>"; };
		4B218B9B2762245700C41939 /* KinoLenta.app */ = {isa = PBXFileReference; explicitFileType = wrapper.application; includeInIndex = 0; path = KinoLenta.app; sourceTree = BUILT_PRODUCTS_DIR; };
		4B218B9E2762245700C41939 /* AppDelegate.swift */ = {isa = PBXFileReference; lastKnownFileType = sourcecode.swift; path = AppDelegate.swift; sourceTree = "<group>"; };
		4B218BA02762245700C41939 /* SceneDelegate.swift */ = {isa = PBXFileReference; lastKnownFileType = sourcecode.swift; path = SceneDelegate.swift; sourceTree = "<group>"; };
		4B218BAA2762245800C41939 /* Base */ = {isa = PBXFileReference; lastKnownFileType = file.storyboard; name = Base; path = Base.lproj/LaunchScreen.storyboard; sourceTree = "<group>"; };
		4B218BAC2762245800C41939 /* Info.plist */ = {isa = PBXFileReference; lastKnownFileType = text.plist.xml; path = Info.plist; sourceTree = "<group>"; };
		4B218BB12762245800C41939 /* KinoLentaTests.xctest */ = {isa = PBXFileReference; explicitFileType = wrapper.cfbundle; includeInIndex = 0; path = KinoLentaTests.xctest; sourceTree = BUILT_PRODUCTS_DIR; };
		4B218BB52762245800C41939 /* KinoLentaTests.swift */ = {isa = PBXFileReference; lastKnownFileType = sourcecode.swift; path = KinoLentaTests.swift; sourceTree = "<group>"; };
		4B218BB72762245800C41939 /* Info.plist */ = {isa = PBXFileReference; lastKnownFileType = text.plist.xml; path = Info.plist; sourceTree = "<group>"; };
		4B218BBC2762245900C41939 /* KinoLentaUITests.xctest */ = {isa = PBXFileReference; explicitFileType = wrapper.cfbundle; includeInIndex = 0; path = KinoLentaUITests.xctest; sourceTree = BUILT_PRODUCTS_DIR; };
		4B218BC02762245900C41939 /* KinoLentaUITests.swift */ = {isa = PBXFileReference; lastKnownFileType = sourcecode.swift; path = KinoLentaUITests.swift; sourceTree = "<group>"; };
		4B218BC22762245900C41939 /* Info.plist */ = {isa = PBXFileReference; lastKnownFileType = text.plist.xml; path = Info.plist; sourceTree = "<group>"; };
		4B218BCE2762269900C41939 /* MainGraph.swift */ = {isa = PBXFileReference; lastKnownFileType = sourcecode.swift; path = MainGraph.swift; sourceTree = "<group>"; };
/* End PBXFileReference section */

/* Begin PBXFrameworksBuildPhase section */
		4B218B982762245700C41939 /* Frameworks */ = {
			isa = PBXFrameworksBuildPhase;
			buildActionMask = 2147483647;
			files = (
			);
			runOnlyForDeploymentPostprocessing = 0;
		};
		4B218BAE2762245800C41939 /* Frameworks */ = {
			isa = PBXFrameworksBuildPhase;
			buildActionMask = 2147483647;
			files = (
			);
			runOnlyForDeploymentPostprocessing = 0;
		};
		4B218BB92762245900C41939 /* Frameworks */ = {
			isa = PBXFrameworksBuildPhase;
			buildActionMask = 2147483647;
			files = (
			);
			runOnlyForDeploymentPostprocessing = 0;
		};
/* End PBXFrameworksBuildPhase section */

/* Begin PBXGroup section */
		4B0BA6042764C4FE008507EE /* Common */ = {
			isa = PBXGroup;
			children = (
				4B0BA60A2764C4FE008507EE /* InterfaceBuilder */,
				4B0BA60D2764C4FF008507EE /* RatingView.swift */,
				4B0BA60E2764C4FF008507EE /* Extensions */,
				4B0BA6132764C4FF008507EE /* QuickItemFilter */,
			);
			path = Common;
			sourceTree = "<group>";
		};
		4B0BA60A2764C4FE008507EE /* InterfaceBuilder */ = {
			isa = PBXGroup;
			children = (
				4B0BA60B2764C4FE008507EE /* GenreQuickFilterCell.xib */,
				4B0BA60C2764C4FE008507EE /* SearchView.xib */,
			);
			path = InterfaceBuilder;
			sourceTree = "<group>";
		};
		4B0BA60E2764C4FF008507EE /* Extensions */ = {
			isa = PBXGroup;
			children = (
				4B0BA60F2764C4FF008507EE /* ColorExtension.swift */,
				4B0BA6102764C4FF008507EE /* StringExtension.swift */,
			);
			path = Extensions;
			sourceTree = "<group>";
		};
		4B0BA6132764C4FF008507EE /* QuickItemFilter */ = {
			isa = PBXGroup;
			children = (
				4B0BA6142764C4FF008507EE /* QuickItemFilterView.swift */,
				4B0BA6152764C4FF008507EE /* QuickItemFilterCollectionViewCell.swift */,
				4B0BA6162764C4FF008507EE /* QuickItemFilterCollectionViewLayout.swift */,
			);
			path = QuickItemFilter;
			sourceTree = "<group>";
		};
		4B0BA6192764C4FF008507EE /* Base.lproj */ = {
			isa = PBXGroup;
			children = (
				4B0BA61A2764C4FF008507EE /* LaunchScreen.storyboard */,
			);
			path = Base.lproj;
			sourceTree = "<group>";
		};
		4B0BA61C2764C4FF008507EE /* SearchedMovieList */ = {
			isa = PBXGroup;
			children = (
				4B0BA6212764C4FF008507EE /* InterfaceBuilder */,
				4B0BA6252764C4FF008507EE /* SearchedMoviesViewController.swift */,
				4B0BA6262764C4FF008507EE /* SearchedMovieViewItem.swift */,
				4B0BA6282764C4FF008507EE /* SearchedMovieTableViewCell.swift */,
			);
			path = SearchedMovieList;
			sourceTree = "<group>";
		};
		4B0BA6212764C4FF008507EE /* InterfaceBuilder */ = {
			isa = PBXGroup;
			children = (
				4B0BA6222764C4FF008507EE /* SearchedMovies.storyboard */,
				4B0BA6232764C4FF008507EE /* SearchedMovieTableViewCell.xib */,
			);
			path = InterfaceBuilder;
			sourceTree = "<group>";
		};
		4B218B922762245700C41939 = {
			isa = PBXGroup;
			children = (
				4B218B9D2762245700C41939 /* KinoLenta */,
				4B218BB42762245800C41939 /* KinoLentaTests */,
				4B218BBF2762245900C41939 /* KinoLentaUITests */,
				4B218B9C2762245700C41939 /* Products */,
			);
			sourceTree = "<group>";
		};
		4B218B9C2762245700C41939 /* Products */ = {
			isa = PBXGroup;
			children = (
				4B218B9B2762245700C41939 /* KinoLenta.app */,
				4B218BB12762245800C41939 /* KinoLentaTests.xctest */,
				4B218BBC2762245900C41939 /* KinoLentaUITests.xctest */,
			);
			name = Products;
			sourceTree = "<group>";
		};
		4B218B9D2762245700C41939 /* KinoLenta */ = {
			isa = PBXGroup;
			children = (
				4B0BA6182764C4FF008507EE /* Assets.xcassets */,
				4B0BA6192764C4FF008507EE /* Base.lproj */,
				4B0BA6042764C4FE008507EE /* Common */,
				4B0BA61C2764C4FF008507EE /* SearchedMovieList */,
				4B0BA5FE2764C4CC008507EE /* SearchedMoviesViewController.swift */,
				4B0BA5FF2764C4CC008507EE /* SearchedMovieTableViewCell.swift */,
				4B0BA6002764C4CC008507EE /* SearchedMovieViewItem.swift */,
				4B218B9E2762245700C41939 /* AppDelegate.swift */,
				4B218BA02762245700C41939 /* SceneDelegate.swift */,
				4B218BA92762245800C41939 /* LaunchScreen.storyboard */,
				4B218BAC2762245800C41939 /* Info.plist */,
				4B218BCE2762269900C41939 /* MainGraph.swift */,
			);
			path = KinoLenta;
			sourceTree = "<group>";
		};
		4B218BB42762245800C41939 /* KinoLentaTests */ = {
			isa = PBXGroup;
			children = (
				4B218BB52762245800C41939 /* KinoLentaTests.swift */,
				4B218BB72762245800C41939 /* Info.plist */,
			);
			path = KinoLentaTests;
			sourceTree = "<group>";
		};
		4B218BBF2762245900C41939 /* KinoLentaUITests */ = {
			isa = PBXGroup;
			children = (
				4B218BC02762245900C41939 /* KinoLentaUITests.swift */,
				4B218BC22762245900C41939 /* Info.plist */,
			);
			path = KinoLentaUITests;
			sourceTree = "<group>";
		};
/* End PBXGroup section */

/* Begin PBXNativeTarget section */
		4B218B9A2762245700C41939 /* KinoLenta */ = {
			isa = PBXNativeTarget;
			buildConfigurationList = 4B218BC52762245900C41939 /* Build configuration list for PBXNativeTarget "KinoLenta" */;
			buildPhases = (
				4B218B972762245700C41939 /* Sources */,
				4B218B982762245700C41939 /* Frameworks */,
				4B218B992762245700C41939 /* Resources */,
			);
			buildRules = (
			);
			dependencies = (
			);
			name = KinoLenta;
			productName = KinoLenta;
			productReference = 4B218B9B2762245700C41939 /* KinoLenta.app */;
			productType = "com.apple.product-type.application";
		};
		4B218BB02762245800C41939 /* KinoLentaTests */ = {
			isa = PBXNativeTarget;
			buildConfigurationList = 4B218BC82762245900C41939 /* Build configuration list for PBXNativeTarget "KinoLentaTests" */;
			buildPhases = (
				4B218BAD2762245800C41939 /* Sources */,
				4B218BAE2762245800C41939 /* Frameworks */,
				4B218BAF2762245800C41939 /* Resources */,
			);
			buildRules = (
			);
			dependencies = (
				4B218BB32762245800C41939 /* PBXTargetDependency */,
			);
			name = KinoLentaTests;
			productName = KinoLentaTests;
			productReference = 4B218BB12762245800C41939 /* KinoLentaTests.xctest */;
			productType = "com.apple.product-type.bundle.unit-test";
		};
		4B218BBB2762245900C41939 /* KinoLentaUITests */ = {
			isa = PBXNativeTarget;
			buildConfigurationList = 4B218BCB2762245900C41939 /* Build configuration list for PBXNativeTarget "KinoLentaUITests" */;
			buildPhases = (
				4B218BB82762245900C41939 /* Sources */,
				4B218BB92762245900C41939 /* Frameworks */,
				4B218BBA2762245900C41939 /* Resources */,
			);
			buildRules = (
			);
			dependencies = (
				4B218BBE2762245900C41939 /* PBXTargetDependency */,
			);
			name = KinoLentaUITests;
			productName = KinoLentaUITests;
			productReference = 4B218BBC2762245900C41939 /* KinoLentaUITests.xctest */;
			productType = "com.apple.product-type.bundle.ui-testing";
		};
/* End PBXNativeTarget section */

/* Begin PBXProject section */
		4B218B932762245700C41939 /* Project object */ = {
			isa = PBXProject;
			attributes = {
				LastSwiftUpdateCheck = 1250;
				LastUpgradeCheck = 1250;
				TargetAttributes = {
					4B218B9A2762245700C41939 = {
						CreatedOnToolsVersion = 12.5.1;
					};
					4B218BB02762245800C41939 = {
						CreatedOnToolsVersion = 12.5.1;
						TestTargetID = 4B218B9A2762245700C41939;
					};
					4B218BBB2762245900C41939 = {
						CreatedOnToolsVersion = 12.5.1;
						TestTargetID = 4B218B9A2762245700C41939;
					};
				};
			};
			buildConfigurationList = 4B218B962762245700C41939 /* Build configuration list for PBXProject "KinoLenta" */;
			compatibilityVersion = "Xcode 9.3";
			developmentRegion = en;
			hasScannedForEncodings = 0;
			knownRegions = (
				en,
				Base,
			);
			mainGroup = 4B218B922762245700C41939;
			productRefGroup = 4B218B9C2762245700C41939 /* Products */;
			projectDirPath = "";
			projectRoot = "";
			targets = (
				4B218B9A2762245700C41939 /* KinoLenta */,
				4B218BB02762245800C41939 /* KinoLentaTests */,
				4B218BBB2762245900C41939 /* KinoLentaUITests */,
			);
		};
/* End PBXProject section */

/* Begin PBXResourcesBuildPhase section */
		4B218B992762245700C41939 /* Resources */ = {
			isa = PBXResourcesBuildPhase;
			buildActionMask = 2147483647;
			files = (
				4B0BA62E2764C4FF008507EE /* GenreQuickFilterCell.xib in Resources */,
				4B218BAB2762245800C41939 /* LaunchScreen.storyboard in Resources */,
				4B0BA62F2764C4FF008507EE /* SearchView.xib in Resources */,
				4B0BA63A2764C4FF008507EE /* LaunchScreen.storyboard in Resources */,
				4B0BA6392764C4FF008507EE /* Assets.xcassets in Resources */,
				4B0BA63F2764C4FF008507EE /* SearchedMovieTableViewCell.xib in Resources */,
				4B0BA63E2764C4FF008507EE /* SearchedMovies.storyboard in Resources */,
			);
			runOnlyForDeploymentPostprocessing = 0;
		};
		4B218BAF2762245800C41939 /* Resources */ = {
			isa = PBXResourcesBuildPhase;
			buildActionMask = 2147483647;
			files = (
			);
			runOnlyForDeploymentPostprocessing = 0;
		};
		4B218BBA2762245900C41939 /* Resources */ = {
			isa = PBXResourcesBuildPhase;
			buildActionMask = 2147483647;
			files = (
			);
			runOnlyForDeploymentPostprocessing = 0;
		};
/* End PBXResourcesBuildPhase section */

/* Begin PBXSourcesBuildPhase section */
		4B218B972762245700C41939 /* Sources */ = {
			isa = PBXSourcesBuildPhase;
			buildActionMask = 2147483647;
			files = (
				4B0BA6352764C4FF008507EE /* QuickItemFilterView.swift in Sources */,
				4B0BA6012764C4CC008507EE /* SearchedMoviesViewController.swift in Sources */,
				4B0BA6312764C4FF008507EE /* ColorExtension.swift in Sources */,
				4B218BCF2762269900C41939 /* MainGraph.swift in Sources */,
				4B0BA6422764C4FF008507EE /* SearchedMovieViewItem.swift in Sources */,
				4B0BA6372764C4FF008507EE /* QuickItemFilterCollectionViewLayout.swift in Sources */,
				4B0BA6302764C4FF008507EE /* RatingView.swift in Sources */,
				4B218B9F2762245700C41939 /* AppDelegate.swift in Sources */,
				4B0BA6032764C4CC008507EE /* SearchedMovieViewItem.swift in Sources */,
				4B0BA6322764C4FF008507EE /* StringExtension.swift in Sources */,
				4B0BA6022764C4CC008507EE /* SearchedMovieTableViewCell.swift in Sources */,
				4B218BA12762245700C41939 /* SceneDelegate.swift in Sources */,
				4B0BA6362764C4FF008507EE /* QuickItemFilterCollectionViewCell.swift in Sources */,
				4B0BA6442764C4FF008507EE /* SearchedMovieTableViewCell.swift in Sources */,
				4B0BA6412764C4FF008507EE /* SearchedMoviesViewController.swift in Sources */,
			);
			runOnlyForDeploymentPostprocessing = 0;
		};
		4B218BAD2762245800C41939 /* Sources */ = {
			isa = PBXSourcesBuildPhase;
			buildActionMask = 2147483647;
			files = (
				4B218BB62762245800C41939 /* KinoLentaTests.swift in Sources */,
			);
			runOnlyForDeploymentPostprocessing = 0;
		};
		4B218BB82762245900C41939 /* Sources */ = {
			isa = PBXSourcesBuildPhase;
			buildActionMask = 2147483647;
			files = (
				4B218BC12762245900C41939 /* KinoLentaUITests.swift in Sources */,
			);
			runOnlyForDeploymentPostprocessing = 0;
		};
/* End PBXSourcesBuildPhase section */

/* Begin PBXTargetDependency section */
		4B218BB32762245800C41939 /* PBXTargetDependency */ = {
			isa = PBXTargetDependency;
			target = 4B218B9A2762245700C41939 /* KinoLenta */;
			targetProxy = 4B218BB22762245800C41939 /* PBXContainerItemProxy */;
		};
		4B218BBE2762245900C41939 /* PBXTargetDependency */ = {
			isa = PBXTargetDependency;
			target = 4B218B9A2762245700C41939 /* KinoLenta */;
			targetProxy = 4B218BBD2762245900C41939 /* PBXContainerItemProxy */;
		};
/* End PBXTargetDependency section */

/* Begin PBXVariantGroup section */
		4B0BA61A2764C4FF008507EE /* LaunchScreen.storyboard */ = {
			isa = PBXVariantGroup;
			children = (
				4B0BA61B2764C4FF008507EE /* Base */,
			);
			name = LaunchScreen.storyboard;
			sourceTree = "<group>";
		};
		4B218BA92762245800C41939 /* LaunchScreen.storyboard */ = {
			isa = PBXVariantGroup;
			children = (
				4B218BAA2762245800C41939 /* Base */,
			);
			name = LaunchScreen.storyboard;
			sourceTree = "<group>";
		};
/* End PBXVariantGroup section */

/* Begin XCBuildConfiguration section */
		4B218BC32762245900C41939 /* Debug */ = {
			isa = XCBuildConfiguration;
			buildSettings = {
				ALWAYS_SEARCH_USER_PATHS = NO;
				CLANG_ANALYZER_NONNULL = YES;
				CLANG_ANALYZER_NUMBER_OBJECT_CONVERSION = YES_AGGRESSIVE;
				CLANG_CXX_LANGUAGE_STANDARD = "gnu++14";
				CLANG_CXX_LIBRARY = "libc++";
				CLANG_ENABLE_MODULES = YES;
				CLANG_ENABLE_OBJC_ARC = YES;
				CLANG_ENABLE_OBJC_WEAK = YES;
				CLANG_WARN_BLOCK_CAPTURE_AUTORELEASING = YES;
				CLANG_WARN_BOOL_CONVERSION = YES;
				CLANG_WARN_COMMA = YES;
				CLANG_WARN_CONSTANT_CONVERSION = YES;
				CLANG_WARN_DEPRECATED_OBJC_IMPLEMENTATIONS = YES;
				CLANG_WARN_DIRECT_OBJC_ISA_USAGE = YES_ERROR;
				CLANG_WARN_DOCUMENTATION_COMMENTS = YES;
				CLANG_WARN_EMPTY_BODY = YES;
				CLANG_WARN_ENUM_CONVERSION = YES;
				CLANG_WARN_INFINITE_RECURSION = YES;
				CLANG_WARN_INT_CONVERSION = YES;
				CLANG_WARN_NON_LITERAL_NULL_CONVERSION = YES;
				CLANG_WARN_OBJC_IMPLICIT_RETAIN_SELF = YES;
				CLANG_WARN_OBJC_LITERAL_CONVERSION = YES;
				CLANG_WARN_OBJC_ROOT_CLASS = YES_ERROR;
				CLANG_WARN_QUOTED_INCLUDE_IN_FRAMEWORK_HEADER = YES;
				CLANG_WARN_RANGE_LOOP_ANALYSIS = YES;
				CLANG_WARN_STRICT_PROTOTYPES = YES;
				CLANG_WARN_SUSPICIOUS_MOVE = YES;
				CLANG_WARN_UNGUARDED_AVAILABILITY = YES_AGGRESSIVE;
				CLANG_WARN_UNREACHABLE_CODE = YES;
				CLANG_WARN__DUPLICATE_METHOD_MATCH = YES;
				COPY_PHASE_STRIP = NO;
				DEBUG_INFORMATION_FORMAT = dwarf;
				ENABLE_STRICT_OBJC_MSGSEND = YES;
				ENABLE_TESTABILITY = YES;
				GCC_C_LANGUAGE_STANDARD = gnu11;
				GCC_DYNAMIC_NO_PIC = NO;
				GCC_NO_COMMON_BLOCKS = YES;
				GCC_OPTIMIZATION_LEVEL = 0;
				GCC_PREPROCESSOR_DEFINITIONS = (
					"DEBUG=1",
					"$(inherited)",
				);
				GCC_WARN_64_TO_32_BIT_CONVERSION = YES;
				GCC_WARN_ABOUT_RETURN_TYPE = YES_ERROR;
				GCC_WARN_UNDECLARED_SELECTOR = YES;
				GCC_WARN_UNINITIALIZED_AUTOS = YES_AGGRESSIVE;
				GCC_WARN_UNUSED_FUNCTION = YES;
				GCC_WARN_UNUSED_VARIABLE = YES;
				IPHONEOS_DEPLOYMENT_TARGET = 14.5;
				MTL_ENABLE_DEBUG_INFO = INCLUDE_SOURCE;
				MTL_FAST_MATH = YES;
				ONLY_ACTIVE_ARCH = YES;
				SDKROOT = iphoneos;
				SWIFT_ACTIVE_COMPILATION_CONDITIONS = DEBUG;
				SWIFT_OPTIMIZATION_LEVEL = "-Onone";
			};
			name = Debug;
		};
		4B218BC42762245900C41939 /* Release */ = {
			isa = XCBuildConfiguration;
			buildSettings = {
				ALWAYS_SEARCH_USER_PATHS = NO;
				CLANG_ANALYZER_NONNULL = YES;
				CLANG_ANALYZER_NUMBER_OBJECT_CONVERSION = YES_AGGRESSIVE;
				CLANG_CXX_LANGUAGE_STANDARD = "gnu++14";
				CLANG_CXX_LIBRARY = "libc++";
				CLANG_ENABLE_MODULES = YES;
				CLANG_ENABLE_OBJC_ARC = YES;
				CLANG_ENABLE_OBJC_WEAK = YES;
				CLANG_WARN_BLOCK_CAPTURE_AUTORELEASING = YES;
				CLANG_WARN_BOOL_CONVERSION = YES;
				CLANG_WARN_COMMA = YES;
				CLANG_WARN_CONSTANT_CONVERSION = YES;
				CLANG_WARN_DEPRECATED_OBJC_IMPLEMENTATIONS = YES;
				CLANG_WARN_DIRECT_OBJC_ISA_USAGE = YES_ERROR;
				CLANG_WARN_DOCUMENTATION_COMMENTS = YES;
				CLANG_WARN_EMPTY_BODY = YES;
				CLANG_WARN_ENUM_CONVERSION = YES;
				CLANG_WARN_INFINITE_RECURSION = YES;
				CLANG_WARN_INT_CONVERSION = YES;
				CLANG_WARN_NON_LITERAL_NULL_CONVERSION = YES;
				CLANG_WARN_OBJC_IMPLICIT_RETAIN_SELF = YES;
				CLANG_WARN_OBJC_LITERAL_CONVERSION = YES;
				CLANG_WARN_OBJC_ROOT_CLASS = YES_ERROR;
				CLANG_WARN_QUOTED_INCLUDE_IN_FRAMEWORK_HEADER = YES;
				CLANG_WARN_RANGE_LOOP_ANALYSIS = YES;
				CLANG_WARN_STRICT_PROTOTYPES = YES;
				CLANG_WARN_SUSPICIOUS_MOVE = YES;
				CLANG_WARN_UNGUARDED_AVAILABILITY = YES_AGGRESSIVE;
				CLANG_WARN_UNREACHABLE_CODE = YES;
				CLANG_WARN__DUPLICATE_METHOD_MATCH = YES;
				COPY_PHASE_STRIP = NO;
				DEBUG_INFORMATION_FORMAT = "dwarf-with-dsym";
				ENABLE_NS_ASSERTIONS = NO;
				ENABLE_STRICT_OBJC_MSGSEND = YES;
				GCC_C_LANGUAGE_STANDARD = gnu11;
				GCC_NO_COMMON_BLOCKS = YES;
				GCC_WARN_64_TO_32_BIT_CONVERSION = YES;
				GCC_WARN_ABOUT_RETURN_TYPE = YES_ERROR;
				GCC_WARN_UNDECLARED_SELECTOR = YES;
				GCC_WARN_UNINITIALIZED_AUTOS = YES_AGGRESSIVE;
				GCC_WARN_UNUSED_FUNCTION = YES;
				GCC_WARN_UNUSED_VARIABLE = YES;
				IPHONEOS_DEPLOYMENT_TARGET = 14.5;
				MTL_ENABLE_DEBUG_INFO = NO;
				MTL_FAST_MATH = YES;
				SDKROOT = iphoneos;
				SWIFT_COMPILATION_MODE = wholemodule;
				SWIFT_OPTIMIZATION_LEVEL = "-O";
				VALIDATE_PRODUCT = YES;
			};
			name = Release;
		};
		4B218BC62762245900C41939 /* Debug */ = {
			isa = XCBuildConfiguration;
			buildSettings = {
				ASSETCATALOG_COMPILER_APPICON_NAME = AppIcon;
				ASSETCATALOG_COMPILER_GLOBAL_ACCENT_COLOR_NAME = AccentColor;
				CODE_SIGN_STYLE = Automatic;
				DEVELOPMENT_TEAM = K5XWDYYG67;
				INFOPLIST_FILE = KinoLenta/Info.plist;
				IPHONEOS_DEPLOYMENT_TARGET = 14.5;
				LD_RUNPATH_SEARCH_PATHS = (
					"$(inherited)",
					"@executable_path/Frameworks",
				);
				PRODUCT_BUNDLE_IDENTIFIER = com.trifonov.KinoLenta;
				PRODUCT_NAME = "$(TARGET_NAME)";
				SWIFT_VERSION = 5.0;
				TARGETED_DEVICE_FAMILY = "1,2";
			};
			name = Debug;
		};
		4B218BC72762245900C41939 /* Release */ = {
			isa = XCBuildConfiguration;
			buildSettings = {
				ASSETCATALOG_COMPILER_APPICON_NAME = AppIcon;
				ASSETCATALOG_COMPILER_GLOBAL_ACCENT_COLOR_NAME = AccentColor;
				CODE_SIGN_STYLE = Automatic;
				DEVELOPMENT_TEAM = K5XWDYYG67;
				INFOPLIST_FILE = KinoLenta/Info.plist;
				IPHONEOS_DEPLOYMENT_TARGET = 14.5;
				LD_RUNPATH_SEARCH_PATHS = (
					"$(inherited)",
					"@executable_path/Frameworks",
				);
				PRODUCT_BUNDLE_IDENTIFIER = com.trifonov.KinoLenta;
				PRODUCT_NAME = "$(TARGET_NAME)";
				SWIFT_VERSION = 5.0;
				TARGETED_DEVICE_FAMILY = "1,2";
			};
			name = Release;
		};
		4B218BC92762245900C41939 /* Debug */ = {
			isa = XCBuildConfiguration;
			buildSettings = {
				ALWAYS_EMBED_SWIFT_STANDARD_LIBRARIES = YES;
				BUNDLE_LOADER = "$(TEST_HOST)";
				CODE_SIGN_STYLE = Automatic;
				DEVELOPMENT_TEAM = K5XWDYYG67;
				INFOPLIST_FILE = KinoLentaTests/Info.plist;
				IPHONEOS_DEPLOYMENT_TARGET = 14.5;
				LD_RUNPATH_SEARCH_PATHS = (
					"$(inherited)",
					"@executable_path/Frameworks",
					"@loader_path/Frameworks",
				);
				PRODUCT_BUNDLE_IDENTIFIER = com.trifonov.KinoLentaTests;
				PRODUCT_NAME = "$(TARGET_NAME)";
				SWIFT_VERSION = 5.0;
				TARGETED_DEVICE_FAMILY = "1,2";
				TEST_HOST = "$(BUILT_PRODUCTS_DIR)/KinoLenta.app/KinoLenta";
			};
			name = Debug;
		};
		4B218BCA2762245900C41939 /* Release */ = {
			isa = XCBuildConfiguration;
			buildSettings = {
				ALWAYS_EMBED_SWIFT_STANDARD_LIBRARIES = YES;
				BUNDLE_LOADER = "$(TEST_HOST)";
				CODE_SIGN_STYLE = Automatic;
				DEVELOPMENT_TEAM = K5XWDYYG67;
				INFOPLIST_FILE = KinoLentaTests/Info.plist;
				IPHONEOS_DEPLOYMENT_TARGET = 14.5;
				LD_RUNPATH_SEARCH_PATHS = (
					"$(inherited)",
					"@executable_path/Frameworks",
					"@loader_path/Frameworks",
				);
				PRODUCT_BUNDLE_IDENTIFIER = com.trifonov.KinoLentaTests;
				PRODUCT_NAME = "$(TARGET_NAME)";
				SWIFT_VERSION = 5.0;
				TARGETED_DEVICE_FAMILY = "1,2";
				TEST_HOST = "$(BUILT_PRODUCTS_DIR)/KinoLenta.app/KinoLenta";
			};
			name = Release;
		};
		4B218BCC2762245900C41939 /* Debug */ = {
			isa = XCBuildConfiguration;
			buildSettings = {
				ALWAYS_EMBED_SWIFT_STANDARD_LIBRARIES = YES;
				CODE_SIGN_STYLE = Automatic;
				DEVELOPMENT_TEAM = K5XWDYYG67;
				INFOPLIST_FILE = KinoLentaUITests/Info.plist;
				LD_RUNPATH_SEARCH_PATHS = (
					"$(inherited)",
					"@executable_path/Frameworks",
					"@loader_path/Frameworks",
				);
				PRODUCT_BUNDLE_IDENTIFIER = com.trifonov.KinoLentaUITests;
				PRODUCT_NAME = "$(TARGET_NAME)";
				SWIFT_VERSION = 5.0;
				TARGETED_DEVICE_FAMILY = "1,2";
				TEST_TARGET_NAME = KinoLenta;
			};
			name = Debug;
		};
		4B218BCD2762245900C41939 /* Release */ = {
			isa = XCBuildConfiguration;
			buildSettings = {
				ALWAYS_EMBED_SWIFT_STANDARD_LIBRARIES = YES;
				CODE_SIGN_STYLE = Automatic;
				DEVELOPMENT_TEAM = K5XWDYYG67;
				INFOPLIST_FILE = KinoLentaUITests/Info.plist;
				LD_RUNPATH_SEARCH_PATHS = (
					"$(inherited)",
					"@executable_path/Frameworks",
					"@loader_path/Frameworks",
				);
				PRODUCT_BUNDLE_IDENTIFIER = com.trifonov.KinoLentaUITests;
				PRODUCT_NAME = "$(TARGET_NAME)";
				SWIFT_VERSION = 5.0;
				TARGETED_DEVICE_FAMILY = "1,2";
				TEST_TARGET_NAME = KinoLenta;
			};
			name = Release;
		};
/* End XCBuildConfiguration section */

/* Begin XCConfigurationList section */
		4B218B962762245700C41939 /* Build configuration list for PBXProject "KinoLenta" */ = {
			isa = XCConfigurationList;
			buildConfigurations = (
				4B218BC32762245900C41939 /* Debug */,
				4B218BC42762245900C41939 /* Release */,
			);
			defaultConfigurationIsVisible = 0;
			defaultConfigurationName = Release;
		};
		4B218BC52762245900C41939 /* Build configuration list for PBXNativeTarget "KinoLenta" */ = {
			isa = XCConfigurationList;
			buildConfigurations = (
				4B218BC62762245900C41939 /* Debug */,
				4B218BC72762245900C41939 /* Release */,
			);
			defaultConfigurationIsVisible = 0;
			defaultConfigurationName = Release;
		};
		4B218BC82762245900C41939 /* Build configuration list for PBXNativeTarget "KinoLentaTests" */ = {
			isa = XCConfigurationList;
			buildConfigurations = (
				4B218BC92762245900C41939 /* Debug */,
				4B218BCA2762245900C41939 /* Release */,
			);
			defaultConfigurationIsVisible = 0;
			defaultConfigurationName = Release;
		};
		4B218BCB2762245900C41939 /* Build configuration list for PBXNativeTarget "KinoLentaUITests" */ = {
			isa = XCConfigurationList;
			buildConfigurations = (
				4B218BCC2762245900C41939 /* Debug */,
				4B218BCD2762245900C41939 /* Release */,
			);
			defaultConfigurationIsVisible = 0;
			defaultConfigurationName = Release;
		};
/* End XCConfigurationList section */
	};
	rootObject = 4B218B932762245700C41939 /* Project object */;
}
